
Microsoft Visual Studio Solution File, Format Version 12.00
# Visual Studio 15
VisualStudioVersion = 15.0.26228.21
MinimumVisualStudioVersion = 10.0.40219.1
Project("{9A19103F-16F7-4668-BE54-9A1E7A4F7556}") = "EmbyStat.Controllers", "EmbyStat.Controllers\EmbyStat.Controllers.csproj", "{605DA4F1-9667-4C43-B132-FAEB768D49F8}"
EndProject
Project("{9A19103F-16F7-4668-BE54-9A1E7A4F7556}") = "EmbyStat.Web", "EmbyStat.Web\EmbyStat.Web.csproj", "{D98662D5-D274-4902-8DAA-F8345F3BC90E}"
EndProject
Project("{9A19103F-16F7-4668-BE54-9A1E7A4F7556}") = "EmbyStat.Services", "EmbyStat.Services\EmbyStat.Services.csproj", "{323DBA0C-36C3-485E-810A-A39AD6E4D490}"
EndProject
Project("{9A19103F-16F7-4668-BE54-9A1E7A4F7556}") = "EmbyStat.Repositories", "EmbyStat.Repositories\EmbyStat.Repositories.csproj", "{18D66368-671B-4903-858E-C02F5F5F5D0F}"
EndProject
Project("{9A19103F-16F7-4668-BE54-9A1E7A4F7556}") = "EmbyStat.Common", "EmbyStat.Common\EmbyStat.Common.csproj", "{2471E76D-C20E-4694-AA4A-018FAEE60497}"
EndProject
Project("{9A19103F-16F7-4668-BE54-9A1E7A4F7556}") = "Tests.Unit", "Tests.Unit\Tests.Unit.csproj", "{A3F1FF13-B007-45AA-A2F0-2C27731ACA11}"
EndProject
Project("{9A19103F-16F7-4668-BE54-9A1E7A4F7556}") = "EmbyStat.Api", "EmbyStat.Api\EmbyStat.Api.csproj", "{DB5C2B0E-C39F-4EDD-A292-8E50A962CA17}"
EndProject
Project("{9A19103F-16F7-4668-BE54-9A1E7A4F7556}") = "Tests.Integration", "Tests.Integration\Tests.Integration.csproj", "{84B5BF1E-407B-4B7A-8A02-7630C9429E4F}"
EndProject
Project("{9A19103F-16F7-4668-BE54-9A1E7A4F7556}") = "EmbyStat.Tasks", "EmbyStat.Tasks\EmbyStat.Tasks.csproj", "{6C31E54E-9C66-4AB4-B6F4-EFEF25718FDF}"
EndProject
Global
	GlobalSection(SolutionConfigurationPlatforms) = preSolution
		Debug|Any CPU = Debug|Any CPU
		Debug|x64 = Debug|x64
		Debug|x86 = Debug|x86
		DefaultBuild|Any CPU = DefaultBuild|Any CPU
		DefaultBuild|x64 = DefaultBuild|x64
		DefaultBuild|x86 = DefaultBuild|x86
		Release|Any CPU = Release|Any CPU
		Release|x64 = Release|x64
		Release|x86 = Release|x86
	EndGlobalSection
	GlobalSection(ProjectConfigurationPlatforms) = postSolution
		{605DA4F1-9667-4C43-B132-FAEB768D49F8}.Debug|Any CPU.ActiveCfg = Debug|Any CPU
		{605DA4F1-9667-4C43-B132-FAEB768D49F8}.Debug|Any CPU.Build.0 = Debug|Any CPU
		{605DA4F1-9667-4C43-B132-FAEB768D49F8}.Debug|x64.ActiveCfg = Debug|Any CPU
		{605DA4F1-9667-4C43-B132-FAEB768D49F8}.Debug|x64.Build.0 = Debug|Any CPU
		{605DA4F1-9667-4C43-B132-FAEB768D49F8}.Debug|x86.ActiveCfg = Debug|Any CPU
		{605DA4F1-9667-4C43-B132-FAEB768D49F8}.Debug|x86.Build.0 = Debug|Any CPU
		{605DA4F1-9667-4C43-B132-FAEB768D49F8}.DefaultBuild|Any CPU.ActiveCfg = Debug|Any CPU
		{605DA4F1-9667-4C43-B132-FAEB768D49F8}.DefaultBuild|Any CPU.Build.0 = Debug|Any CPU
		{605DA4F1-9667-4C43-B132-FAEB768D49F8}.DefaultBuild|x64.ActiveCfg = Debug|Any CPU
		{605DA4F1-9667-4C43-B132-FAEB768D49F8}.DefaultBuild|x64.Build.0 = Debug|Any CPU
		{605DA4F1-9667-4C43-B132-FAEB768D49F8}.DefaultBuild|x86.ActiveCfg = Debug|Any CPU
		{605DA4F1-9667-4C43-B132-FAEB768D49F8}.DefaultBuild|x86.Build.0 = Debug|Any CPU
		{605DA4F1-9667-4C43-B132-FAEB768D49F8}.Release|Any CPU.ActiveCfg = Release|Any CPU
		{605DA4F1-9667-4C43-B132-FAEB768D49F8}.Release|Any CPU.Build.0 = Release|Any CPU
		{605DA4F1-9667-4C43-B132-FAEB768D49F8}.Release|x64.ActiveCfg = Release|Any CPU
		{605DA4F1-9667-4C43-B132-FAEB768D49F8}.Release|x64.Build.0 = Release|Any CPU
		{605DA4F1-9667-4C43-B132-FAEB768D49F8}.Release|x86.ActiveCfg = Release|Any CPU
		{605DA4F1-9667-4C43-B132-FAEB768D49F8}.Release|x86.Build.0 = Release|Any CPU
		{D98662D5-D274-4902-8DAA-F8345F3BC90E}.Debug|Any CPU.ActiveCfg = Debug|Any CPU
		{D98662D5-D274-4902-8DAA-F8345F3BC90E}.Debug|Any CPU.Build.0 = Debug|Any CPU
		{D98662D5-D274-4902-8DAA-F8345F3BC90E}.Debug|x64.ActiveCfg = Debug|Any CPU
		{D98662D5-D274-4902-8DAA-F8345F3BC90E}.Debug|x64.Build.0 = Debug|Any CPU
		{D98662D5-D274-4902-8DAA-F8345F3BC90E}.Debug|x86.ActiveCfg = Debug|Any CPU
		{D98662D5-D274-4902-8DAA-F8345F3BC90E}.Debug|x86.Build.0 = Debug|Any CPU
		{D98662D5-D274-4902-8DAA-F8345F3BC90E}.DefaultBuild|Any CPU.ActiveCfg = Debug|Any CPU
		{D98662D5-D274-4902-8DAA-F8345F3BC90E}.DefaultBuild|Any CPU.Build.0 = Debug|Any CPU
		{D98662D5-D274-4902-8DAA-F8345F3BC90E}.DefaultBuild|x64.ActiveCfg = Debug|Any CPU
		{D98662D5-D274-4902-8DAA-F8345F3BC90E}.DefaultBuild|x64.Build.0 = Debug|Any CPU
		{D98662D5-D274-4902-8DAA-F8345F3BC90E}.DefaultBuild|x86.ActiveCfg = Debug|Any CPU
		{D98662D5-D274-4902-8DAA-F8345F3BC90E}.DefaultBuild|x86.Build.0 = Debug|Any CPU
		{D98662D5-D274-4902-8DAA-F8345F3BC90E}.Release|Any CPU.ActiveCfg = Release|Any CPU
		{D98662D5-D274-4902-8DAA-F8345F3BC90E}.Release|Any CPU.Build.0 = Release|Any CPU
		{D98662D5-D274-4902-8DAA-F8345F3BC90E}.Release|x64.ActiveCfg = Release|Any CPU
		{D98662D5-D274-4902-8DAA-F8345F3BC90E}.Release|x64.Build.0 = Release|Any CPU
		{D98662D5-D274-4902-8DAA-F8345F3BC90E}.Release|x86.ActiveCfg = Release|Any CPU
		{D98662D5-D274-4902-8DAA-F8345F3BC90E}.Release|x86.Build.0 = Release|Any CPU
		{323DBA0C-36C3-485E-810A-A39AD6E4D490}.Debug|Any CPU.ActiveCfg = Debug|Any CPU
		{323DBA0C-36C3-485E-810A-A39AD6E4D490}.Debug|Any CPU.Build.0 = Debug|Any CPU
		{323DBA0C-36C3-485E-810A-A39AD6E4D490}.Debug|x64.ActiveCfg = Debug|Any CPU
		{323DBA0C-36C3-485E-810A-A39AD6E4D490}.Debug|x64.Build.0 = Debug|Any CPU
		{323DBA0C-36C3-485E-810A-A39AD6E4D490}.Debug|x86.ActiveCfg = Debug|Any CPU
		{323DBA0C-36C3-485E-810A-A39AD6E4D490}.Debug|x86.Build.0 = Debug|Any CPU
		{323DBA0C-36C3-485E-810A-A39AD6E4D490}.DefaultBuild|Any CPU.ActiveCfg = Debug|Any CPU
		{323DBA0C-36C3-485E-810A-A39AD6E4D490}.DefaultBuild|Any CPU.Build.0 = Debug|Any CPU
		{323DBA0C-36C3-485E-810A-A39AD6E4D490}.DefaultBuild|x64.ActiveCfg = Debug|Any CPU
		{323DBA0C-36C3-485E-810A-A39AD6E4D490}.DefaultBuild|x64.Build.0 = Debug|Any CPU
		{323DBA0C-36C3-485E-810A-A39AD6E4D490}.DefaultBuild|x86.ActiveCfg = Debug|Any CPU
		{323DBA0C-36C3-485E-810A-A39AD6E4D490}.DefaultBuild|x86.Build.0 = Debug|Any CPU
		{323DBA0C-36C3-485E-810A-A39AD6E4D490}.Release|Any CPU.ActiveCfg = Release|Any CPU
		{323DBA0C-36C3-485E-810A-A39AD6E4D490}.Release|Any CPU.Build.0 = Release|Any CPU
		{323DBA0C-36C3-485E-810A-A39AD6E4D490}.Release|x64.ActiveCfg = Release|Any CPU
		{323DBA0C-36C3-485E-810A-A39AD6E4D490}.Release|x64.Build.0 = Release|Any CPU
		{323DBA0C-36C3-485E-810A-A39AD6E4D490}.Release|x86.ActiveCfg = Release|Any CPU
		{323DBA0C-36C3-485E-810A-A39AD6E4D490}.Release|x86.Build.0 = Release|Any CPU
		{18D66368-671B-4903-858E-C02F5F5F5D0F}.Debug|Any CPU.ActiveCfg = Debug|Any CPU
		{18D66368-671B-4903-858E-C02F5F5F5D0F}.Debug|Any CPU.Build.0 = Debug|Any CPU
		{18D66368-671B-4903-858E-C02F5F5F5D0F}.Debug|x64.ActiveCfg = Debug|Any CPU
		{18D66368-671B-4903-858E-C02F5F5F5D0F}.Debug|x64.Build.0 = Debug|Any CPU
		{18D66368-671B-4903-858E-C02F5F5F5D0F}.Debug|x86.ActiveCfg = Debug|Any CPU
		{18D66368-671B-4903-858E-C02F5F5F5D0F}.Debug|x86.Build.0 = Debug|Any CPU
		{18D66368-671B-4903-858E-C02F5F5F5D0F}.DefaultBuild|Any CPU.ActiveCfg = Debug|Any CPU
		{18D66368-671B-4903-858E-C02F5F5F5D0F}.DefaultBuild|Any CPU.Build.0 = Debug|Any CPU
		{18D66368-671B-4903-858E-C02F5F5F5D0F}.DefaultBuild|x64.ActiveCfg = Debug|Any CPU
		{18D66368-671B-4903-858E-C02F5F5F5D0F}.DefaultBuild|x64.Build.0 = Debug|Any CPU
		{18D66368-671B-4903-858E-C02F5F5F5D0F}.DefaultBuild|x86.ActiveCfg = Debug|Any CPU
		{18D66368-671B-4903-858E-C02F5F5F5D0F}.DefaultBuild|x86.Build.0 = Debug|Any CPU
		{18D66368-671B-4903-858E-C02F5F5F5D0F}.Release|Any CPU.ActiveCfg = Release|Any CPU
		{18D66368-671B-4903-858E-C02F5F5F5D0F}.Release|Any CPU.Build.0 = Release|Any CPU
		{18D66368-671B-4903-858E-C02F5F5F5D0F}.Release|x64.ActiveCfg = Release|Any CPU
		{18D66368-671B-4903-858E-C02F5F5F5D0F}.Release|x64.Build.0 = Release|Any CPU
		{18D66368-671B-4903-858E-C02F5F5F5D0F}.Release|x86.ActiveCfg = Release|Any CPU
		{18D66368-671B-4903-858E-C02F5F5F5D0F}.Release|x86.Build.0 = Release|Any CPU
		{2471E76D-C20E-4694-AA4A-018FAEE60497}.Debug|Any CPU.ActiveCfg = Debug|Any CPU
		{2471E76D-C20E-4694-AA4A-018FAEE60497}.Debug|Any CPU.Build.0 = Debug|Any CPU
		{2471E76D-C20E-4694-AA4A-018FAEE60497}.Debug|x64.ActiveCfg = Debug|Any CPU
		{2471E76D-C20E-4694-AA4A-018FAEE60497}.Debug|x64.Build.0 = Debug|Any CPU
		{2471E76D-C20E-4694-AA4A-018FAEE60497}.Debug|x86.ActiveCfg = Debug|Any CPU
		{2471E76D-C20E-4694-AA4A-018FAEE60497}.Debug|x86.Build.0 = Debug|Any CPU
		{2471E76D-C20E-4694-AA4A-018FAEE60497}.DefaultBuild|Any CPU.ActiveCfg = Debug|Any CPU
		{2471E76D-C20E-4694-AA4A-018FAEE60497}.DefaultBuild|Any CPU.Build.0 = Debug|Any CPU
		{2471E76D-C20E-4694-AA4A-018FAEE60497}.DefaultBuild|x64.ActiveCfg = Debug|Any CPU
		{2471E76D-C20E-4694-AA4A-018FAEE60497}.DefaultBuild|x64.Build.0 = Debug|Any CPU
		{2471E76D-C20E-4694-AA4A-018FAEE60497}.DefaultBuild|x86.ActiveCfg = Debug|Any CPU
		{2471E76D-C20E-4694-AA4A-018FAEE60497}.DefaultBuild|x86.Build.0 = Debug|Any CPU
		{2471E76D-C20E-4694-AA4A-018FAEE60497}.Release|Any CPU.ActiveCfg = Release|Any CPU
		{2471E76D-C20E-4694-AA4A-018FAEE60497}.Release|Any CPU.Build.0 = Release|Any CPU
		{2471E76D-C20E-4694-AA4A-018FAEE60497}.Release|x64.ActiveCfg = Release|Any CPU
		{2471E76D-C20E-4694-AA4A-018FAEE60497}.Release|x64.Build.0 = Release|Any CPU
		{2471E76D-C20E-4694-AA4A-018FAEE60497}.Release|x86.ActiveCfg = Release|Any CPU
		{2471E76D-C20E-4694-AA4A-018FAEE60497}.Release|x86.Build.0 = Release|Any CPU
		{A3F1FF13-B007-45AA-A2F0-2C27731ACA11}.Debug|Any CPU.ActiveCfg = Debug|Any CPU
		{A3F1FF13-B007-45AA-A2F0-2C27731ACA11}.Debug|Any CPU.Build.0 = Debug|Any CPU
		{A3F1FF13-B007-45AA-A2F0-2C27731ACA11}.Debug|x64.ActiveCfg = Debug|Any CPU
		{A3F1FF13-B007-45AA-A2F0-2C27731ACA11}.Debug|x64.Build.0 = Debug|Any CPU
		{A3F1FF13-B007-45AA-A2F0-2C27731ACA11}.Debug|x86.ActiveCfg = Debug|Any CPU
		{A3F1FF13-B007-45AA-A2F0-2C27731ACA11}.Debug|x86.Build.0 = Debug|Any CPU
		{A3F1FF13-B007-45AA-A2F0-2C27731ACA11}.DefaultBuild|Any CPU.ActiveCfg = Debug|Any CPU
		{A3F1FF13-B007-45AA-A2F0-2C27731ACA11}.DefaultBuild|Any CPU.Build.0 = Debug|Any CPU
		{A3F1FF13-B007-45AA-A2F0-2C27731ACA11}.DefaultBuild|x64.ActiveCfg = Debug|Any CPU
		{A3F1FF13-B007-45AA-A2F0-2C27731ACA11}.DefaultBuild|x64.Build.0 = Debug|Any CPU
		{A3F1FF13-B007-45AA-A2F0-2C27731ACA11}.DefaultBuild|x86.ActiveCfg = Debug|Any CPU
		{A3F1FF13-B007-45AA-A2F0-2C27731ACA11}.DefaultBuild|x86.Build.0 = Debug|Any CPU
		{A3F1FF13-B007-45AA-A2F0-2C27731ACA11}.Release|Any CPU.ActiveCfg = Release|Any CPU
		{A3F1FF13-B007-45AA-A2F0-2C27731ACA11}.Release|Any CPU.Build.0 = Release|Any CPU
		{A3F1FF13-B007-45AA-A2F0-2C27731ACA11}.Release|x64.ActiveCfg = Release|Any CPU
		{A3F1FF13-B007-45AA-A2F0-2C27731ACA11}.Release|x64.Build.0 = Release|Any CPU
		{A3F1FF13-B007-45AA-A2F0-2C27731ACA11}.Release|x86.ActiveCfg = Release|Any CPU
		{A3F1FF13-B007-45AA-A2F0-2C27731ACA11}.Release|x86.Build.0 = Release|Any CPU
		{DB5C2B0E-C39F-4EDD-A292-8E50A962CA17}.Debug|Any CPU.ActiveCfg = Debug|Any CPU
		{DB5C2B0E-C39F-4EDD-A292-8E50A962CA17}.Debug|Any CPU.Build.0 = Debug|Any CPU
		{DB5C2B0E-C39F-4EDD-A292-8E50A962CA17}.Debug|x64.ActiveCfg = Debug|Any CPU
		{DB5C2B0E-C39F-4EDD-A292-8E50A962CA17}.Debug|x64.Build.0 = Debug|Any CPU
		{DB5C2B0E-C39F-4EDD-A292-8E50A962CA17}.Debug|x86.ActiveCfg = Debug|Any CPU
		{DB5C2B0E-C39F-4EDD-A292-8E50A962CA17}.Debug|x86.Build.0 = Debug|Any CPU
		{DB5C2B0E-C39F-4EDD-A292-8E50A962CA17}.DefaultBuild|Any CPU.ActiveCfg = Debug|Any CPU
		{DB5C2B0E-C39F-4EDD-A292-8E50A962CA17}.DefaultBuild|Any CPU.Build.0 = Debug|Any CPU
		{DB5C2B0E-C39F-4EDD-A292-8E50A962CA17}.DefaultBuild|x64.ActiveCfg = Debug|Any CPU
		{DB5C2B0E-C39F-4EDD-A292-8E50A962CA17}.DefaultBuild|x64.Build.0 = Debug|Any CPU
		{DB5C2B0E-C39F-4EDD-A292-8E50A962CA17}.DefaultBuild|x86.ActiveCfg = Debug|Any CPU
		{DB5C2B0E-C39F-4EDD-A292-8E50A962CA17}.DefaultBuild|x86.Build.0 = Debug|Any CPU
		{DB5C2B0E-C39F-4EDD-A292-8E50A962CA17}.Release|Any CPU.ActiveCfg = Release|Any CPU
		{DB5C2B0E-C39F-4EDD-A292-8E50A962CA17}.Release|Any CPU.Build.0 = Release|Any CPU
		{DB5C2B0E-C39F-4EDD-A292-8E50A962CA17}.Release|x64.ActiveCfg = Release|Any CPU
		{DB5C2B0E-C39F-4EDD-A292-8E50A962CA17}.Release|x64.Build.0 = Release|Any CPU
		{DB5C2B0E-C39F-4EDD-A292-8E50A962CA17}.Release|x86.ActiveCfg = Release|Any CPU
		{DB5C2B0E-C39F-4EDD-A292-8E50A962CA17}.Release|x86.Build.0 = Release|Any CPU
		{84B5BF1E-407B-4B7A-8A02-7630C9429E4F}.Debug|Any CPU.ActiveCfg = Debug|Any CPU
		{84B5BF1E-407B-4B7A-8A02-7630C9429E4F}.Debug|Any CPU.Build.0 = Debug|Any CPU
		{84B5BF1E-407B-4B7A-8A02-7630C9429E4F}.Debug|x64.ActiveCfg = Debug|Any CPU
		{84B5BF1E-407B-4B7A-8A02-7630C9429E4F}.Debug|x64.Build.0 = Debug|Any CPU
		{84B5BF1E-407B-4B7A-8A02-7630C9429E4F}.Debug|x86.ActiveCfg = Debug|Any CPU
		{84B5BF1E-407B-4B7A-8A02-7630C9429E4F}.Debug|x86.Build.0 = Debug|Any CPU
		{84B5BF1E-407B-4B7A-8A02-7630C9429E4F}.DefaultBuild|Any CPU.ActiveCfg = Debug|Any CPU
		{84B5BF1E-407B-4B7A-8A02-7630C9429E4F}.DefaultBuild|Any CPU.Build.0 = Debug|Any CPU
		{84B5BF1E-407B-4B7A-8A02-7630C9429E4F}.DefaultBuild|x64.ActiveCfg = Debug|Any CPU
		{84B5BF1E-407B-4B7A-8A02-7630C9429E4F}.DefaultBuild|x64.Build.0 = Debug|Any CPU
		{84B5BF1E-407B-4B7A-8A02-7630C9429E4F}.DefaultBuild|x86.ActiveCfg = Debug|Any CPU
		{84B5BF1E-407B-4B7A-8A02-7630C9429E4F}.DefaultBuild|x86.Build.0 = Debug|Any CPU
		{84B5BF1E-407B-4B7A-8A02-7630C9429E4F}.Release|Any CPU.ActiveCfg = Release|Any CPU
		{84B5BF1E-407B-4B7A-8A02-7630C9429E4F}.Release|Any CPU.Build.0 = Release|Any CPU
		{84B5BF1E-407B-4B7A-8A02-7630C9429E4F}.Release|x64.ActiveCfg = Release|Any CPU
		{84B5BF1E-407B-4B7A-8A02-7630C9429E4F}.Release|x64.Build.0 = Release|Any CPU
		{84B5BF1E-407B-4B7A-8A02-7630C9429E4F}.Release|x86.ActiveCfg = Release|Any CPU
		{84B5BF1E-407B-4B7A-8A02-7630C9429E4F}.Release|x86.Build.0 = Release|Any CPU
		{6C31E54E-9C66-4AB4-B6F4-EFEF25718FDF}.Debug|Any CPU.ActiveCfg = Debug|Any CPU
		{6C31E54E-9C66-4AB4-B6F4-EFEF25718FDF}.Debug|Any CPU.Build.0 = Debug|Any CPU
		{6C31E54E-9C66-4AB4-B6F4-EFEF25718FDF}.Debug|x64.ActiveCfg = Debug|Any CPU
		{6C31E54E-9C66-4AB4-B6F4-EFEF25718FDF}.Debug|x64.Build.0 = Debug|Any CPU
		{6C31E54E-9C66-4AB4-B6F4-EFEF25718FDF}.Debug|x86.ActiveCfg = Debug|Any CPU
		{6C31E54E-9C66-4AB4-B6F4-EFEF25718FDF}.Debug|x86.Build.0 = Debug|Any CPU
		{6C31E54E-9C66-4AB4-B6F4-EFEF25718FDF}.DefaultBuild|Any CPU.ActiveCfg = Debug|Any CPU
		{6C31E54E-9C66-4AB4-B6F4-EFEF25718FDF}.DefaultBuild|Any CPU.Build.0 = Debug|Any CPU
		{6C31E54E-9C66-4AB4-B6F4-EFEF25718FDF}.DefaultBuild|x64.ActiveCfg = Debug|Any CPU
		{6C31E54E-9C66-4AB4-B6F4-EFEF25718FDF}.DefaultBuild|x64.Build.0 = Debug|Any CPU
		{6C31E54E-9C66-4AB4-B6F4-EFEF25718FDF}.DefaultBuild|x86.ActiveCfg = Debug|Any CPU
		{6C31E54E-9C66-4AB4-B6F4-EFEF25718FDF}.DefaultBuild|x86.Build.0 = Debug|Any CPU
		{6C31E54E-9C66-4AB4-B6F4-EFEF25718FDF}.Release|Any CPU.ActiveCfg = Release|Any CPU
		{6C31E54E-9C66-4AB4-B6F4-EFEF25718FDF}.Release|Any CPU.Build.0 = Release|Any CPU
		{6C31E54E-9C66-4AB4-B6F4-EFEF25718FDF}.Release|x64.ActiveCfg = Release|Any CPU
		{6C31E54E-9C66-4AB4-B6F4-EFEF25718FDF}.Release|x64.Build.0 = Release|Any CPU
		{6C31E54E-9C66-4AB4-B6F4-EFEF25718FDF}.Release|x86.ActiveCfg = Release|Any CPU
		{6C31E54E-9C66-4AB4-B6F4-EFEF25718FDF}.Release|x86.Build.0 = Release|Any CPU
	EndGlobalSection
	GlobalSection(SolutionProperties) = preSolution
		HideSolutionNode = FALSE
	EndGlobalSection
	GlobalSection(ExtensibilityGlobals) = postSolution
		SolutionGuid = {FE1E7FBB-D938-4C37-A040-661A869C95DA}
	EndGlobalSection
EndGlobal
