
Microsoft Visual Studio Solution File, Format Version 12.00
# Visual Studio Version 16
VisualStudioVersion = 16.0.29025.244
MinimumVisualStudioVersion = 10.0.40219.1
Project("{9A19103F-16F7-4668-BE54-9A1E7A4F7556}") = "EmbyStat.Controllers", "EmbyStat.Controllers\EmbyStat.Controllers.csproj", "{BE8AFEF2-E5F4-40A5-8413-C2C2190C061E}"
EndProject
Project("{9A19103F-16F7-4668-BE54-9A1E7A4F7556}") = "EmbyStat.Web", "EmbyStat.Web\EmbyStat.Web.csproj", "{1D5D997D-34AE-45BE-9935-13E0D63EAC02}"
EndProject
Project("{9A19103F-16F7-4668-BE54-9A1E7A4F7556}") = "EmbyStat.Services", "EmbyStat.Services\EmbyStat.Services.csproj", "{91052D6D-7BB2-4A64-85FD-03F6376B8915}"
EndProject
Project("{9A19103F-16F7-4668-BE54-9A1E7A4F7556}") = "EmbyStat.Repositories", "EmbyStat.Repositories\EmbyStat.Repositories.csproj", "{BA9CD238-9261-44C7-A90F-F3DA61ED0A41}"
EndProject
Project("{9A19103F-16F7-4668-BE54-9A1E7A4F7556}") = "EmbyStat.Common", "EmbyStat.Common\EmbyStat.Common.csproj", "{AD76D571-6F70-4846-8654-F009C3DBEB87}"
EndProject
Project("{9A19103F-16F7-4668-BE54-9A1E7A4F7556}") = "Tests.Unit", "Tests.Unit\Tests.Unit.csproj", "{3E5092E0-7D18-44DD-BD2D-2A97FBD5D05F}"
EndProject
Project("{9A19103F-16F7-4668-BE54-9A1E7A4F7556}") = "EmbyStat.Jobs", "EmbyStat.Jobs\EmbyStat.Jobs.csproj", "{66CB36D1-038D-417F-A60E-9BEE4293AFBA}"
EndProject
Project("{9A19103F-16F7-4668-BE54-9A1E7A4F7556}") = "Updater", "Updater\Updater.csproj", "{0DB61243-5809-4999-9CB2-910A4DD5CCA3}"
EndProject
Project("{9A19103F-16F7-4668-BE54-9A1E7A4F7556}") = "EmbyStat.DI", "EmbyStat.DI\EmbyStat.DI.csproj", "{A5D09ABD-5077-48ED-AF5B-2033FB11AF82}"
EndProject
Project("{9A19103F-16F7-4668-BE54-9A1E7A4F7556}") = "EmbyStat.Clients.GitHub", "EmbyStat.Clients.GitHub\EmbyStat.Clients.GitHub.csproj", "{7243326A-D3F9-4C14-BAAD-86BF66D4F223}"
EndProject
Project("{9A19103F-16F7-4668-BE54-9A1E7A4F7556}") = "EmbyStat.Clients.Tvdb", "EmbyStat.Clients.Tvdb\EmbyStat.Clients.Tvdb.csproj", "{4C63B355-5D89-4C96-AD17-E3CAD599FD1E}"
EndProject
Project("{9A19103F-16F7-4668-BE54-9A1E7A4F7556}") = "EmbyStat.Migrator", "EmbyStat.Migrator\EmbyStat.Migrator.csproj", "{A28AF54B-0002-4BA7-9EC8-E71E777ABA31}"
EndProject
Project("{9A19103F-16F7-4668-BE54-9A1E7A4F7556}") = "EmbyStat.Clients.Base", "EmbyStat.Clients.Base\EmbyStat.Clients.Base.csproj", "{CC92EA4C-6E0D-49AD-B795-C15BF9D7EB24}"
EndProject
Project("{9A19103F-16F7-4668-BE54-9A1E7A4F7556}") = "EmbyStat.Clients.Emby", "EmbyStat.Clients.Emby\EmbyStat.Clients.Emby.csproj", "{0145B376-DB18-42A2-B2AF-98B4A952002F}"
EndProject
Project("{9A19103F-16F7-4668-BE54-9A1E7A4F7556}") = "EmbyStat.Clients.Jellyfin", "EmbyStat.Clients.Jellyfin\EmbyStat.Clients.Jellyfin.csproj", "{38FB4C9E-D2AE-49E2-A25A-DCC403D0459D}"
EndProject
Project("{9A19103F-16F7-4668-BE54-9A1E7A4F7556}") = "EmbyStat.Logging", "EmbyStat.Logging\EmbyStat.Logging.csproj", "{2F5A8959-10EE-4633-9FEA-F063C3BB485D}"
EndProject
Global
	GlobalSection(SolutionConfigurationPlatforms) = preSolution
		Debug|Any CPU = Debug|Any CPU
		Debug|x64 = Debug|x64
		Debug|x86 = Debug|x86
		DefaultBuild|Any CPU = DefaultBuild|Any CPU
		DefaultBuild|x64 = DefaultBuild|x64
		DefaultBuild|x86 = DefaultBuild|x86
		Release|Any CPU = Release|Any CPU
		Release|x64 = Release|x64
		Release|x86 = Release|x86
	EndGlobalSection
	GlobalSection(ProjectConfigurationPlatforms) = postSolution
		{BE8AFEF2-E5F4-40A5-8413-C2C2190C061E}.Debug|Any CPU.ActiveCfg = Debug|Any CPU
		{BE8AFEF2-E5F4-40A5-8413-C2C2190C061E}.Debug|Any CPU.Build.0 = Debug|Any CPU
		{BE8AFEF2-E5F4-40A5-8413-C2C2190C061E}.Debug|x64.ActiveCfg = Debug|Any CPU
		{BE8AFEF2-E5F4-40A5-8413-C2C2190C061E}.Debug|x64.Build.0 = Debug|Any CPU
		{BE8AFEF2-E5F4-40A5-8413-C2C2190C061E}.Debug|x86.ActiveCfg = Debug|Any CPU
		{BE8AFEF2-E5F4-40A5-8413-C2C2190C061E}.Debug|x86.Build.0 = Debug|Any CPU
		{BE8AFEF2-E5F4-40A5-8413-C2C2190C061E}.DefaultBuild|Any CPU.ActiveCfg = Debug|Any CPU
		{BE8AFEF2-E5F4-40A5-8413-C2C2190C061E}.DefaultBuild|Any CPU.Build.0 = Debug|Any CPU
		{BE8AFEF2-E5F4-40A5-8413-C2C2190C061E}.DefaultBuild|x64.ActiveCfg = Debug|Any CPU
		{BE8AFEF2-E5F4-40A5-8413-C2C2190C061E}.DefaultBuild|x64.Build.0 = Debug|Any CPU
		{BE8AFEF2-E5F4-40A5-8413-C2C2190C061E}.DefaultBuild|x86.ActiveCfg = Debug|Any CPU
		{BE8AFEF2-E5F4-40A5-8413-C2C2190C061E}.DefaultBuild|x86.Build.0 = Debug|Any CPU
		{BE8AFEF2-E5F4-40A5-8413-C2C2190C061E}.Release|Any CPU.ActiveCfg = Release|Any CPU
		{BE8AFEF2-E5F4-40A5-8413-C2C2190C061E}.Release|Any CPU.Build.0 = Release|Any CPU
		{BE8AFEF2-E5F4-40A5-8413-C2C2190C061E}.Release|x64.ActiveCfg = Release|Any CPU
		{BE8AFEF2-E5F4-40A5-8413-C2C2190C061E}.Release|x64.Build.0 = Release|Any CPU
		{BE8AFEF2-E5F4-40A5-8413-C2C2190C061E}.Release|x86.ActiveCfg = Release|Any CPU
		{BE8AFEF2-E5F4-40A5-8413-C2C2190C061E}.Release|x86.Build.0 = Release|Any CPU
		{1D5D997D-34AE-45BE-9935-13E0D63EAC02}.Debug|Any CPU.ActiveCfg = Debug|Any CPU
		{1D5D997D-34AE-45BE-9935-13E0D63EAC02}.Debug|Any CPU.Build.0 = Debug|Any CPU
		{1D5D997D-34AE-45BE-9935-13E0D63EAC02}.Debug|x64.ActiveCfg = Debug|Any CPU
		{1D5D997D-34AE-45BE-9935-13E0D63EAC02}.Debug|x64.Build.0 = Debug|Any CPU
		{1D5D997D-34AE-45BE-9935-13E0D63EAC02}.Debug|x86.ActiveCfg = Debug|Any CPU
		{1D5D997D-34AE-45BE-9935-13E0D63EAC02}.Debug|x86.Build.0 = Debug|Any CPU
		{1D5D997D-34AE-45BE-9935-13E0D63EAC02}.DefaultBuild|Any CPU.ActiveCfg = Debug|Any CPU
		{1D5D997D-34AE-45BE-9935-13E0D63EAC02}.DefaultBuild|Any CPU.Build.0 = Debug|Any CPU
		{1D5D997D-34AE-45BE-9935-13E0D63EAC02}.DefaultBuild|x64.ActiveCfg = Debug|Any CPU
		{1D5D997D-34AE-45BE-9935-13E0D63EAC02}.DefaultBuild|x64.Build.0 = Debug|Any CPU
		{1D5D997D-34AE-45BE-9935-13E0D63EAC02}.DefaultBuild|x86.ActiveCfg = Debug|Any CPU
		{1D5D997D-34AE-45BE-9935-13E0D63EAC02}.DefaultBuild|x86.Build.0 = Debug|Any CPU
		{1D5D997D-34AE-45BE-9935-13E0D63EAC02}.Release|Any CPU.ActiveCfg = Release|Any CPU
		{1D5D997D-34AE-45BE-9935-13E0D63EAC02}.Release|Any CPU.Build.0 = Release|Any CPU
		{1D5D997D-34AE-45BE-9935-13E0D63EAC02}.Release|x64.ActiveCfg = Release|Any CPU
		{1D5D997D-34AE-45BE-9935-13E0D63EAC02}.Release|x64.Build.0 = Release|Any CPU
		{1D5D997D-34AE-45BE-9935-13E0D63EAC02}.Release|x86.ActiveCfg = Release|Any CPU
		{1D5D997D-34AE-45BE-9935-13E0D63EAC02}.Release|x86.Build.0 = Release|Any CPU
		{91052D6D-7BB2-4A64-85FD-03F6376B8915}.Debug|Any CPU.ActiveCfg = Debug|Any CPU
		{91052D6D-7BB2-4A64-85FD-03F6376B8915}.Debug|Any CPU.Build.0 = Debug|Any CPU
		{91052D6D-7BB2-4A64-85FD-03F6376B8915}.Debug|x64.ActiveCfg = Debug|Any CPU
		{91052D6D-7BB2-4A64-85FD-03F6376B8915}.Debug|x64.Build.0 = Debug|Any CPU
		{91052D6D-7BB2-4A64-85FD-03F6376B8915}.Debug|x86.ActiveCfg = Debug|Any CPU
		{91052D6D-7BB2-4A64-85FD-03F6376B8915}.Debug|x86.Build.0 = Debug|Any CPU
		{91052D6D-7BB2-4A64-85FD-03F6376B8915}.DefaultBuild|Any CPU.ActiveCfg = Debug|Any CPU
		{91052D6D-7BB2-4A64-85FD-03F6376B8915}.DefaultBuild|Any CPU.Build.0 = Debug|Any CPU
		{91052D6D-7BB2-4A64-85FD-03F6376B8915}.DefaultBuild|x64.ActiveCfg = Debug|Any CPU
		{91052D6D-7BB2-4A64-85FD-03F6376B8915}.DefaultBuild|x64.Build.0 = Debug|Any CPU
		{91052D6D-7BB2-4A64-85FD-03F6376B8915}.DefaultBuild|x86.ActiveCfg = Debug|Any CPU
		{91052D6D-7BB2-4A64-85FD-03F6376B8915}.DefaultBuild|x86.Build.0 = Debug|Any CPU
		{91052D6D-7BB2-4A64-85FD-03F6376B8915}.Release|Any CPU.ActiveCfg = Release|Any CPU
		{91052D6D-7BB2-4A64-85FD-03F6376B8915}.Release|Any CPU.Build.0 = Release|Any CPU
		{91052D6D-7BB2-4A64-85FD-03F6376B8915}.Release|x64.ActiveCfg = Release|Any CPU
		{91052D6D-7BB2-4A64-85FD-03F6376B8915}.Release|x64.Build.0 = Release|Any CPU
		{91052D6D-7BB2-4A64-85FD-03F6376B8915}.Release|x86.ActiveCfg = Release|Any CPU
		{91052D6D-7BB2-4A64-85FD-03F6376B8915}.Release|x86.Build.0 = Release|Any CPU
		{BA9CD238-9261-44C7-A90F-F3DA61ED0A41}.Debug|Any CPU.ActiveCfg = Debug|Any CPU
		{BA9CD238-9261-44C7-A90F-F3DA61ED0A41}.Debug|Any CPU.Build.0 = Debug|Any CPU
		{BA9CD238-9261-44C7-A90F-F3DA61ED0A41}.Debug|x64.ActiveCfg = Debug|Any CPU
		{BA9CD238-9261-44C7-A90F-F3DA61ED0A41}.Debug|x64.Build.0 = Debug|Any CPU
		{BA9CD238-9261-44C7-A90F-F3DA61ED0A41}.Debug|x86.ActiveCfg = Debug|Any CPU
		{BA9CD238-9261-44C7-A90F-F3DA61ED0A41}.Debug|x86.Build.0 = Debug|Any CPU
		{BA9CD238-9261-44C7-A90F-F3DA61ED0A41}.DefaultBuild|Any CPU.ActiveCfg = Debug|Any CPU
		{BA9CD238-9261-44C7-A90F-F3DA61ED0A41}.DefaultBuild|Any CPU.Build.0 = Debug|Any CPU
		{BA9CD238-9261-44C7-A90F-F3DA61ED0A41}.DefaultBuild|x64.ActiveCfg = Debug|Any CPU
		{BA9CD238-9261-44C7-A90F-F3DA61ED0A41}.DefaultBuild|x64.Build.0 = Debug|Any CPU
		{BA9CD238-9261-44C7-A90F-F3DA61ED0A41}.DefaultBuild|x86.ActiveCfg = Debug|Any CPU
		{BA9CD238-9261-44C7-A90F-F3DA61ED0A41}.DefaultBuild|x86.Build.0 = Debug|Any CPU
		{BA9CD238-9261-44C7-A90F-F3DA61ED0A41}.Release|Any CPU.ActiveCfg = Release|Any CPU
		{BA9CD238-9261-44C7-A90F-F3DA61ED0A41}.Release|Any CPU.Build.0 = Release|Any CPU
		{BA9CD238-9261-44C7-A90F-F3DA61ED0A41}.Release|x64.ActiveCfg = Release|Any CPU
		{BA9CD238-9261-44C7-A90F-F3DA61ED0A41}.Release|x64.Build.0 = Release|Any CPU
		{BA9CD238-9261-44C7-A90F-F3DA61ED0A41}.Release|x86.ActiveCfg = Release|Any CPU
		{BA9CD238-9261-44C7-A90F-F3DA61ED0A41}.Release|x86.Build.0 = Release|Any CPU
		{AD76D571-6F70-4846-8654-F009C3DBEB87}.Debug|Any CPU.ActiveCfg = Debug|Any CPU
		{AD76D571-6F70-4846-8654-F009C3DBEB87}.Debug|Any CPU.Build.0 = Debug|Any CPU
		{AD76D571-6F70-4846-8654-F009C3DBEB87}.Debug|x64.ActiveCfg = Debug|Any CPU
		{AD76D571-6F70-4846-8654-F009C3DBEB87}.Debug|x64.Build.0 = Debug|Any CPU
		{AD76D571-6F70-4846-8654-F009C3DBEB87}.Debug|x86.ActiveCfg = Debug|Any CPU
		{AD76D571-6F70-4846-8654-F009C3DBEB87}.Debug|x86.Build.0 = Debug|Any CPU
		{AD76D571-6F70-4846-8654-F009C3DBEB87}.DefaultBuild|Any CPU.ActiveCfg = Debug|Any CPU
		{AD76D571-6F70-4846-8654-F009C3DBEB87}.DefaultBuild|Any CPU.Build.0 = Debug|Any CPU
		{AD76D571-6F70-4846-8654-F009C3DBEB87}.DefaultBuild|x64.ActiveCfg = Debug|Any CPU
		{AD76D571-6F70-4846-8654-F009C3DBEB87}.DefaultBuild|x64.Build.0 = Debug|Any CPU
		{AD76D571-6F70-4846-8654-F009C3DBEB87}.DefaultBuild|x86.ActiveCfg = Debug|Any CPU
		{AD76D571-6F70-4846-8654-F009C3DBEB87}.DefaultBuild|x86.Build.0 = Debug|Any CPU
		{AD76D571-6F70-4846-8654-F009C3DBEB87}.Release|Any CPU.ActiveCfg = Release|Any CPU
		{AD76D571-6F70-4846-8654-F009C3DBEB87}.Release|Any CPU.Build.0 = Release|Any CPU
		{AD76D571-6F70-4846-8654-F009C3DBEB87}.Release|x64.ActiveCfg = Release|Any CPU
		{AD76D571-6F70-4846-8654-F009C3DBEB87}.Release|x64.Build.0 = Release|Any CPU
		{AD76D571-6F70-4846-8654-F009C3DBEB87}.Release|x86.ActiveCfg = Release|Any CPU
		{AD76D571-6F70-4846-8654-F009C3DBEB87}.Release|x86.Build.0 = Release|Any CPU
		{3E5092E0-7D18-44DD-BD2D-2A97FBD5D05F}.Debug|Any CPU.ActiveCfg = Debug|Any CPU
		{3E5092E0-7D18-44DD-BD2D-2A97FBD5D05F}.Debug|Any CPU.Build.0 = Debug|Any CPU
		{3E5092E0-7D18-44DD-BD2D-2A97FBD5D05F}.Debug|x64.ActiveCfg = Debug|Any CPU
		{3E5092E0-7D18-44DD-BD2D-2A97FBD5D05F}.Debug|x64.Build.0 = Debug|Any CPU
		{3E5092E0-7D18-44DD-BD2D-2A97FBD5D05F}.Debug|x86.ActiveCfg = Debug|Any CPU
		{3E5092E0-7D18-44DD-BD2D-2A97FBD5D05F}.Debug|x86.Build.0 = Debug|Any CPU
		{3E5092E0-7D18-44DD-BD2D-2A97FBD5D05F}.DefaultBuild|Any CPU.ActiveCfg = Debug|Any CPU
		{3E5092E0-7D18-44DD-BD2D-2A97FBD5D05F}.DefaultBuild|Any CPU.Build.0 = Debug|Any CPU
		{3E5092E0-7D18-44DD-BD2D-2A97FBD5D05F}.DefaultBuild|x64.ActiveCfg = Debug|Any CPU
		{3E5092E0-7D18-44DD-BD2D-2A97FBD5D05F}.DefaultBuild|x64.Build.0 = Debug|Any CPU
		{3E5092E0-7D18-44DD-BD2D-2A97FBD5D05F}.DefaultBuild|x86.ActiveCfg = Debug|Any CPU
		{3E5092E0-7D18-44DD-BD2D-2A97FBD5D05F}.DefaultBuild|x86.Build.0 = Debug|Any CPU
		{3E5092E0-7D18-44DD-BD2D-2A97FBD5D05F}.Release|Any CPU.ActiveCfg = Release|Any CPU
		{3E5092E0-7D18-44DD-BD2D-2A97FBD5D05F}.Release|Any CPU.Build.0 = Release|Any CPU
		{3E5092E0-7D18-44DD-BD2D-2A97FBD5D05F}.Release|x64.ActiveCfg = Release|Any CPU
		{3E5092E0-7D18-44DD-BD2D-2A97FBD5D05F}.Release|x64.Build.0 = Release|Any CPU
		{3E5092E0-7D18-44DD-BD2D-2A97FBD5D05F}.Release|x86.ActiveCfg = Release|Any CPU
		{3E5092E0-7D18-44DD-BD2D-2A97FBD5D05F}.Release|x86.Build.0 = Release|Any CPU
		{66CB36D1-038D-417F-A60E-9BEE4293AFBA}.Debug|Any CPU.ActiveCfg = Debug|Any CPU
		{66CB36D1-038D-417F-A60E-9BEE4293AFBA}.Debug|Any CPU.Build.0 = Debug|Any CPU
		{66CB36D1-038D-417F-A60E-9BEE4293AFBA}.Debug|x64.ActiveCfg = Debug|Any CPU
		{66CB36D1-038D-417F-A60E-9BEE4293AFBA}.Debug|x64.Build.0 = Debug|Any CPU
		{66CB36D1-038D-417F-A60E-9BEE4293AFBA}.Debug|x86.ActiveCfg = Debug|Any CPU
		{66CB36D1-038D-417F-A60E-9BEE4293AFBA}.Debug|x86.Build.0 = Debug|Any CPU
		{66CB36D1-038D-417F-A60E-9BEE4293AFBA}.DefaultBuild|Any CPU.ActiveCfg = Debug|Any CPU
		{66CB36D1-038D-417F-A60E-9BEE4293AFBA}.DefaultBuild|Any CPU.Build.0 = Debug|Any CPU
		{66CB36D1-038D-417F-A60E-9BEE4293AFBA}.DefaultBuild|x64.ActiveCfg = Debug|Any CPU
		{66CB36D1-038D-417F-A60E-9BEE4293AFBA}.DefaultBuild|x64.Build.0 = Debug|Any CPU
		{66CB36D1-038D-417F-A60E-9BEE4293AFBA}.DefaultBuild|x86.ActiveCfg = Debug|Any CPU
		{66CB36D1-038D-417F-A60E-9BEE4293AFBA}.DefaultBuild|x86.Build.0 = Debug|Any CPU
		{66CB36D1-038D-417F-A60E-9BEE4293AFBA}.Release|Any CPU.ActiveCfg = Release|Any CPU
		{66CB36D1-038D-417F-A60E-9BEE4293AFBA}.Release|Any CPU.Build.0 = Release|Any CPU
		{66CB36D1-038D-417F-A60E-9BEE4293AFBA}.Release|x64.ActiveCfg = Release|Any CPU
		{66CB36D1-038D-417F-A60E-9BEE4293AFBA}.Release|x64.Build.0 = Release|Any CPU
		{66CB36D1-038D-417F-A60E-9BEE4293AFBA}.Release|x86.ActiveCfg = Release|Any CPU
		{66CB36D1-038D-417F-A60E-9BEE4293AFBA}.Release|x86.Build.0 = Release|Any CPU
		{0DB61243-5809-4999-9CB2-910A4DD5CCA3}.Debug|Any CPU.ActiveCfg = Debug|Any CPU
		{0DB61243-5809-4999-9CB2-910A4DD5CCA3}.Debug|Any CPU.Build.0 = Debug|Any CPU
		{0DB61243-5809-4999-9CB2-910A4DD5CCA3}.Debug|x64.ActiveCfg = Debug|Any CPU
		{0DB61243-5809-4999-9CB2-910A4DD5CCA3}.Debug|x64.Build.0 = Debug|Any CPU
		{0DB61243-5809-4999-9CB2-910A4DD5CCA3}.Debug|x86.ActiveCfg = Debug|Any CPU
		{0DB61243-5809-4999-9CB2-910A4DD5CCA3}.Debug|x86.Build.0 = Debug|Any CPU
		{0DB61243-5809-4999-9CB2-910A4DD5CCA3}.DefaultBuild|Any CPU.ActiveCfg = Debug|Any CPU
		{0DB61243-5809-4999-9CB2-910A4DD5CCA3}.DefaultBuild|Any CPU.Build.0 = Debug|Any CPU
		{0DB61243-5809-4999-9CB2-910A4DD5CCA3}.DefaultBuild|x64.ActiveCfg = Debug|Any CPU
		{0DB61243-5809-4999-9CB2-910A4DD5CCA3}.DefaultBuild|x64.Build.0 = Debug|Any CPU
		{0DB61243-5809-4999-9CB2-910A4DD5CCA3}.DefaultBuild|x86.ActiveCfg = Debug|Any CPU
		{0DB61243-5809-4999-9CB2-910A4DD5CCA3}.DefaultBuild|x86.Build.0 = Debug|Any CPU
		{0DB61243-5809-4999-9CB2-910A4DD5CCA3}.Release|Any CPU.ActiveCfg = Release|Any CPU
		{0DB61243-5809-4999-9CB2-910A4DD5CCA3}.Release|Any CPU.Build.0 = Release|Any CPU
		{0DB61243-5809-4999-9CB2-910A4DD5CCA3}.Release|x64.ActiveCfg = Release|Any CPU
		{0DB61243-5809-4999-9CB2-910A4DD5CCA3}.Release|x64.Build.0 = Release|Any CPU
		{0DB61243-5809-4999-9CB2-910A4DD5CCA3}.Release|x86.ActiveCfg = Release|Any CPU
		{0DB61243-5809-4999-9CB2-910A4DD5CCA3}.Release|x86.Build.0 = Release|Any CPU
		{A5D09ABD-5077-48ED-AF5B-2033FB11AF82}.Debug|Any CPU.ActiveCfg = Debug|Any CPU
		{A5D09ABD-5077-48ED-AF5B-2033FB11AF82}.Debug|Any CPU.Build.0 = Debug|Any CPU
		{A5D09ABD-5077-48ED-AF5B-2033FB11AF82}.Debug|x64.ActiveCfg = Debug|Any CPU
		{A5D09ABD-5077-48ED-AF5B-2033FB11AF82}.Debug|x64.Build.0 = Debug|Any CPU
		{A5D09ABD-5077-48ED-AF5B-2033FB11AF82}.Debug|x86.ActiveCfg = Debug|Any CPU
		{A5D09ABD-5077-48ED-AF5B-2033FB11AF82}.Debug|x86.Build.0 = Debug|Any CPU
		{A5D09ABD-5077-48ED-AF5B-2033FB11AF82}.DefaultBuild|Any CPU.ActiveCfg = Debug|Any CPU
		{A5D09ABD-5077-48ED-AF5B-2033FB11AF82}.DefaultBuild|Any CPU.Build.0 = Debug|Any CPU
		{A5D09ABD-5077-48ED-AF5B-2033FB11AF82}.DefaultBuild|x64.ActiveCfg = Debug|Any CPU
		{A5D09ABD-5077-48ED-AF5B-2033FB11AF82}.DefaultBuild|x64.Build.0 = Debug|Any CPU
		{A5D09ABD-5077-48ED-AF5B-2033FB11AF82}.DefaultBuild|x86.ActiveCfg = Debug|Any CPU
		{A5D09ABD-5077-48ED-AF5B-2033FB11AF82}.DefaultBuild|x86.Build.0 = Debug|Any CPU
		{A5D09ABD-5077-48ED-AF5B-2033FB11AF82}.Release|Any CPU.ActiveCfg = Release|Any CPU
		{A5D09ABD-5077-48ED-AF5B-2033FB11AF82}.Release|Any CPU.Build.0 = Release|Any CPU
		{A5D09ABD-5077-48ED-AF5B-2033FB11AF82}.Release|x64.ActiveCfg = Release|Any CPU
		{A5D09ABD-5077-48ED-AF5B-2033FB11AF82}.Release|x64.Build.0 = Release|Any CPU
		{A5D09ABD-5077-48ED-AF5B-2033FB11AF82}.Release|x86.ActiveCfg = Release|Any CPU
		{A5D09ABD-5077-48ED-AF5B-2033FB11AF82}.Release|x86.Build.0 = Release|Any CPU
		{7243326A-D3F9-4C14-BAAD-86BF66D4F223}.Debug|Any CPU.ActiveCfg = Debug|Any CPU
		{7243326A-D3F9-4C14-BAAD-86BF66D4F223}.Debug|Any CPU.Build.0 = Debug|Any CPU
		{7243326A-D3F9-4C14-BAAD-86BF66D4F223}.Debug|x64.ActiveCfg = Debug|Any CPU
		{7243326A-D3F9-4C14-BAAD-86BF66D4F223}.Debug|x64.Build.0 = Debug|Any CPU
		{7243326A-D3F9-4C14-BAAD-86BF66D4F223}.Debug|x86.ActiveCfg = Debug|Any CPU
		{7243326A-D3F9-4C14-BAAD-86BF66D4F223}.Debug|x86.Build.0 = Debug|Any CPU
		{7243326A-D3F9-4C14-BAAD-86BF66D4F223}.DefaultBuild|Any CPU.ActiveCfg = Debug|Any CPU
		{7243326A-D3F9-4C14-BAAD-86BF66D4F223}.DefaultBuild|Any CPU.Build.0 = Debug|Any CPU
		{7243326A-D3F9-4C14-BAAD-86BF66D4F223}.DefaultBuild|x64.ActiveCfg = Debug|Any CPU
		{7243326A-D3F9-4C14-BAAD-86BF66D4F223}.DefaultBuild|x64.Build.0 = Debug|Any CPU
		{7243326A-D3F9-4C14-BAAD-86BF66D4F223}.DefaultBuild|x86.ActiveCfg = Debug|Any CPU
		{7243326A-D3F9-4C14-BAAD-86BF66D4F223}.DefaultBuild|x86.Build.0 = Debug|Any CPU
		{7243326A-D3F9-4C14-BAAD-86BF66D4F223}.Release|Any CPU.ActiveCfg = Release|Any CPU
		{7243326A-D3F9-4C14-BAAD-86BF66D4F223}.Release|Any CPU.Build.0 = Release|Any CPU
		{7243326A-D3F9-4C14-BAAD-86BF66D4F223}.Release|x64.ActiveCfg = Release|Any CPU
		{7243326A-D3F9-4C14-BAAD-86BF66D4F223}.Release|x64.Build.0 = Release|Any CPU
		{7243326A-D3F9-4C14-BAAD-86BF66D4F223}.Release|x86.ActiveCfg = Release|Any CPU
		{7243326A-D3F9-4C14-BAAD-86BF66D4F223}.Release|x86.Build.0 = Release|Any CPU
		{4C63B355-5D89-4C96-AD17-E3CAD599FD1E}.Debug|Any CPU.ActiveCfg = Debug|Any CPU
		{4C63B355-5D89-4C96-AD17-E3CAD599FD1E}.Debug|Any CPU.Build.0 = Debug|Any CPU
		{4C63B355-5D89-4C96-AD17-E3CAD599FD1E}.Debug|x64.ActiveCfg = Debug|Any CPU
		{4C63B355-5D89-4C96-AD17-E3CAD599FD1E}.Debug|x64.Build.0 = Debug|Any CPU
		{4C63B355-5D89-4C96-AD17-E3CAD599FD1E}.Debug|x86.ActiveCfg = Debug|Any CPU
		{4C63B355-5D89-4C96-AD17-E3CAD599FD1E}.Debug|x86.Build.0 = Debug|Any CPU
		{4C63B355-5D89-4C96-AD17-E3CAD599FD1E}.DefaultBuild|Any CPU.ActiveCfg = Debug|Any CPU
		{4C63B355-5D89-4C96-AD17-E3CAD599FD1E}.DefaultBuild|Any CPU.Build.0 = Debug|Any CPU
		{4C63B355-5D89-4C96-AD17-E3CAD599FD1E}.DefaultBuild|x64.ActiveCfg = Debug|Any CPU
		{4C63B355-5D89-4C96-AD17-E3CAD599FD1E}.DefaultBuild|x64.Build.0 = Debug|Any CPU
		{4C63B355-5D89-4C96-AD17-E3CAD599FD1E}.DefaultBuild|x86.ActiveCfg = Debug|Any CPU
		{4C63B355-5D89-4C96-AD17-E3CAD599FD1E}.DefaultBuild|x86.Build.0 = Debug|Any CPU
		{4C63B355-5D89-4C96-AD17-E3CAD599FD1E}.Release|Any CPU.ActiveCfg = Release|Any CPU
		{4C63B355-5D89-4C96-AD17-E3CAD599FD1E}.Release|Any CPU.Build.0 = Release|Any CPU
		{4C63B355-5D89-4C96-AD17-E3CAD599FD1E}.Release|x64.ActiveCfg = Release|Any CPU
		{4C63B355-5D89-4C96-AD17-E3CAD599FD1E}.Release|x64.Build.0 = Release|Any CPU
		{4C63B355-5D89-4C96-AD17-E3CAD599FD1E}.Release|x86.ActiveCfg = Release|Any CPU
		{4C63B355-5D89-4C96-AD17-E3CAD599FD1E}.Release|x86.Build.0 = Release|Any CPU
		{A28AF54B-0002-4BA7-9EC8-E71E777ABA31}.Debug|Any CPU.ActiveCfg = Debug|Any CPU
		{A28AF54B-0002-4BA7-9EC8-E71E777ABA31}.Debug|Any CPU.Build.0 = Debug|Any CPU
		{A28AF54B-0002-4BA7-9EC8-E71E777ABA31}.Debug|x64.ActiveCfg = Debug|Any CPU
		{A28AF54B-0002-4BA7-9EC8-E71E777ABA31}.Debug|x64.Build.0 = Debug|Any CPU
		{A28AF54B-0002-4BA7-9EC8-E71E777ABA31}.Debug|x86.ActiveCfg = Debug|Any CPU
		{A28AF54B-0002-4BA7-9EC8-E71E777ABA31}.Debug|x86.Build.0 = Debug|Any CPU
		{A28AF54B-0002-4BA7-9EC8-E71E777ABA31}.DefaultBuild|Any CPU.ActiveCfg = Debug|Any CPU
		{A28AF54B-0002-4BA7-9EC8-E71E777ABA31}.DefaultBuild|Any CPU.Build.0 = Debug|Any CPU
		{A28AF54B-0002-4BA7-9EC8-E71E777ABA31}.DefaultBuild|x64.ActiveCfg = Debug|Any CPU
		{A28AF54B-0002-4BA7-9EC8-E71E777ABA31}.DefaultBuild|x64.Build.0 = Debug|Any CPU
		{A28AF54B-0002-4BA7-9EC8-E71E777ABA31}.DefaultBuild|x86.ActiveCfg = Debug|Any CPU
		{A28AF54B-0002-4BA7-9EC8-E71E777ABA31}.DefaultBuild|x86.Build.0 = Debug|Any CPU
		{A28AF54B-0002-4BA7-9EC8-E71E777ABA31}.Release|Any CPU.ActiveCfg = Release|Any CPU
		{A28AF54B-0002-4BA7-9EC8-E71E777ABA31}.Release|Any CPU.Build.0 = Release|Any CPU
		{A28AF54B-0002-4BA7-9EC8-E71E777ABA31}.Release|x64.ActiveCfg = Release|Any CPU
		{A28AF54B-0002-4BA7-9EC8-E71E777ABA31}.Release|x64.Build.0 = Release|Any CPU
		{A28AF54B-0002-4BA7-9EC8-E71E777ABA31}.Release|x86.ActiveCfg = Release|Any CPU
		{A28AF54B-0002-4BA7-9EC8-E71E777ABA31}.Release|x86.Build.0 = Release|Any CPU
		{CC92EA4C-6E0D-49AD-B795-C15BF9D7EB24}.Debug|Any CPU.ActiveCfg = Debug|Any CPU
		{CC92EA4C-6E0D-49AD-B795-C15BF9D7EB24}.Debug|Any CPU.Build.0 = Debug|Any CPU
		{CC92EA4C-6E0D-49AD-B795-C15BF9D7EB24}.Debug|x64.ActiveCfg = Debug|Any CPU
		{CC92EA4C-6E0D-49AD-B795-C15BF9D7EB24}.Debug|x64.Build.0 = Debug|Any CPU
		{CC92EA4C-6E0D-49AD-B795-C15BF9D7EB24}.Debug|x86.ActiveCfg = Debug|Any CPU
		{CC92EA4C-6E0D-49AD-B795-C15BF9D7EB24}.Debug|x86.Build.0 = Debug|Any CPU
		{CC92EA4C-6E0D-49AD-B795-C15BF9D7EB24}.DefaultBuild|Any CPU.ActiveCfg = Debug|Any CPU
		{CC92EA4C-6E0D-49AD-B795-C15BF9D7EB24}.DefaultBuild|Any CPU.Build.0 = Debug|Any CPU
		{CC92EA4C-6E0D-49AD-B795-C15BF9D7EB24}.DefaultBuild|x64.ActiveCfg = Debug|Any CPU
		{CC92EA4C-6E0D-49AD-B795-C15BF9D7EB24}.DefaultBuild|x64.Build.0 = Debug|Any CPU
		{CC92EA4C-6E0D-49AD-B795-C15BF9D7EB24}.DefaultBuild|x86.ActiveCfg = Debug|Any CPU
		{CC92EA4C-6E0D-49AD-B795-C15BF9D7EB24}.DefaultBuild|x86.Build.0 = Debug|Any CPU
		{CC92EA4C-6E0D-49AD-B795-C15BF9D7EB24}.Release|Any CPU.ActiveCfg = Release|Any CPU
		{CC92EA4C-6E0D-49AD-B795-C15BF9D7EB24}.Release|Any CPU.Build.0 = Release|Any CPU
		{CC92EA4C-6E0D-49AD-B795-C15BF9D7EB24}.Release|x64.ActiveCfg = Release|Any CPU
		{CC92EA4C-6E0D-49AD-B795-C15BF9D7EB24}.Release|x64.Build.0 = Release|Any CPU
		{CC92EA4C-6E0D-49AD-B795-C15BF9D7EB24}.Release|x86.ActiveCfg = Release|Any CPU
		{CC92EA4C-6E0D-49AD-B795-C15BF9D7EB24}.Release|x86.Build.0 = Release|Any CPU
		{0145B376-DB18-42A2-B2AF-98B4A952002F}.Debug|Any CPU.ActiveCfg = Debug|Any CPU
		{0145B376-DB18-42A2-B2AF-98B4A952002F}.Debug|Any CPU.Build.0 = Debug|Any CPU
		{0145B376-DB18-42A2-B2AF-98B4A952002F}.Debug|x64.ActiveCfg = Debug|Any CPU
		{0145B376-DB18-42A2-B2AF-98B4A952002F}.Debug|x64.Build.0 = Debug|Any CPU
		{0145B376-DB18-42A2-B2AF-98B4A952002F}.Debug|x86.ActiveCfg = Debug|Any CPU
		{0145B376-DB18-42A2-B2AF-98B4A952002F}.Debug|x86.Build.0 = Debug|Any CPU
		{0145B376-DB18-42A2-B2AF-98B4A952002F}.DefaultBuild|Any CPU.ActiveCfg = Debug|Any CPU
		{0145B376-DB18-42A2-B2AF-98B4A952002F}.DefaultBuild|Any CPU.Build.0 = Debug|Any CPU
		{0145B376-DB18-42A2-B2AF-98B4A952002F}.DefaultBuild|x64.ActiveCfg = Debug|Any CPU
		{0145B376-DB18-42A2-B2AF-98B4A952002F}.DefaultBuild|x64.Build.0 = Debug|Any CPU
		{0145B376-DB18-42A2-B2AF-98B4A952002F}.DefaultBuild|x86.ActiveCfg = Debug|Any CPU
		{0145B376-DB18-42A2-B2AF-98B4A952002F}.DefaultBuild|x86.Build.0 = Debug|Any CPU
		{0145B376-DB18-42A2-B2AF-98B4A952002F}.Release|Any CPU.ActiveCfg = Release|Any CPU
		{0145B376-DB18-42A2-B2AF-98B4A952002F}.Release|Any CPU.Build.0 = Release|Any CPU
		{0145B376-DB18-42A2-B2AF-98B4A952002F}.Release|x64.ActiveCfg = Release|Any CPU
		{0145B376-DB18-42A2-B2AF-98B4A952002F}.Release|x64.Build.0 = Release|Any CPU
		{0145B376-DB18-42A2-B2AF-98B4A952002F}.Release|x86.ActiveCfg = Release|Any CPU
		{0145B376-DB18-42A2-B2AF-98B4A952002F}.Release|x86.Build.0 = Release|Any CPU
		{38FB4C9E-D2AE-49E2-A25A-DCC403D0459D}.Debug|Any CPU.ActiveCfg = Debug|Any CPU
		{38FB4C9E-D2AE-49E2-A25A-DCC403D0459D}.Debug|Any CPU.Build.0 = Debug|Any CPU
		{38FB4C9E-D2AE-49E2-A25A-DCC403D0459D}.Debug|x64.ActiveCfg = Debug|Any CPU
		{38FB4C9E-D2AE-49E2-A25A-DCC403D0459D}.Debug|x64.Build.0 = Debug|Any CPU
		{38FB4C9E-D2AE-49E2-A25A-DCC403D0459D}.Debug|x86.ActiveCfg = Debug|Any CPU
		{38FB4C9E-D2AE-49E2-A25A-DCC403D0459D}.Debug|x86.Build.0 = Debug|Any CPU
		{38FB4C9E-D2AE-49E2-A25A-DCC403D0459D}.DefaultBuild|Any CPU.ActiveCfg = Debug|Any CPU
		{38FB4C9E-D2AE-49E2-A25A-DCC403D0459D}.DefaultBuild|Any CPU.Build.0 = Debug|Any CPU
		{38FB4C9E-D2AE-49E2-A25A-DCC403D0459D}.DefaultBuild|x64.ActiveCfg = Debug|Any CPU
		{38FB4C9E-D2AE-49E2-A25A-DCC403D0459D}.DefaultBuild|x64.Build.0 = Debug|Any CPU
		{38FB4C9E-D2AE-49E2-A25A-DCC403D0459D}.DefaultBuild|x86.ActiveCfg = Debug|Any CPU
		{38FB4C9E-D2AE-49E2-A25A-DCC403D0459D}.DefaultBuild|x86.Build.0 = Debug|Any CPU
		{38FB4C9E-D2AE-49E2-A25A-DCC403D0459D}.Release|Any CPU.ActiveCfg = Release|Any CPU
		{38FB4C9E-D2AE-49E2-A25A-DCC403D0459D}.Release|Any CPU.Build.0 = Release|Any CPU
		{38FB4C9E-D2AE-49E2-A25A-DCC403D0459D}.Release|x64.ActiveCfg = Release|Any CPU
		{38FB4C9E-D2AE-49E2-A25A-DCC403D0459D}.Release|x64.Build.0 = Release|Any CPU
		{38FB4C9E-D2AE-49E2-A25A-DCC403D0459D}.Release|x86.ActiveCfg = Release|Any CPU
		{38FB4C9E-D2AE-49E2-A25A-DCC403D0459D}.Release|x86.Build.0 = Release|Any CPU
		{2F5A8959-10EE-4633-9FEA-F063C3BB485D}.Debug|Any CPU.ActiveCfg = Debug|Any CPU
		{2F5A8959-10EE-4633-9FEA-F063C3BB485D}.Debug|Any CPU.Build.0 = Debug|Any CPU
		{2F5A8959-10EE-4633-9FEA-F063C3BB485D}.Debug|x64.ActiveCfg = Debug|Any CPU
		{2F5A8959-10EE-4633-9FEA-F063C3BB485D}.Debug|x64.Build.0 = Debug|Any CPU
		{2F5A8959-10EE-4633-9FEA-F063C3BB485D}.Debug|x86.ActiveCfg = Debug|Any CPU
		{2F5A8959-10EE-4633-9FEA-F063C3BB485D}.Debug|x86.Build.0 = Debug|Any CPU
		{2F5A8959-10EE-4633-9FEA-F063C3BB485D}.DefaultBuild|Any CPU.ActiveCfg = Debug|Any CPU
		{2F5A8959-10EE-4633-9FEA-F063C3BB485D}.DefaultBuild|Any CPU.Build.0 = Debug|Any CPU
		{2F5A8959-10EE-4633-9FEA-F063C3BB485D}.DefaultBuild|x64.ActiveCfg = Debug|Any CPU
		{2F5A8959-10EE-4633-9FEA-F063C3BB485D}.DefaultBuild|x64.Build.0 = Debug|Any CPU
		{2F5A8959-10EE-4633-9FEA-F063C3BB485D}.DefaultBuild|x86.ActiveCfg = Debug|Any CPU
		{2F5A8959-10EE-4633-9FEA-F063C3BB485D}.DefaultBuild|x86.Build.0 = Debug|Any CPU
		{2F5A8959-10EE-4633-9FEA-F063C3BB485D}.Release|Any CPU.ActiveCfg = Release|Any CPU
		{2F5A8959-10EE-4633-9FEA-F063C3BB485D}.Release|Any CPU.Build.0 = Release|Any CPU
		{2F5A8959-10EE-4633-9FEA-F063C3BB485D}.Release|x64.ActiveCfg = Release|Any CPU
		{2F5A8959-10EE-4633-9FEA-F063C3BB485D}.Release|x64.Build.0 = Release|Any CPU
		{2F5A8959-10EE-4633-9FEA-F063C3BB485D}.Release|x86.ActiveCfg = Release|Any CPU
		{2F5A8959-10EE-4633-9FEA-F063C3BB485D}.Release|x86.Build.0 = Release|Any CPU
	EndGlobalSection
	GlobalSection(SolutionProperties) = preSolution
		HideSolutionNode = FALSE
	EndGlobalSection
	GlobalSection(ExtensibilityGlobals) = postSolution
		SolutionGuid = {FE1E7FBB-D938-4C37-A040-661A869C95DA}
	EndGlobalSection
EndGlobal
