
Microsoft Visual Studio Solution File, Format Version 12.00
# Visual Studio Version 16
VisualStudioVersion = 16.0.29025.244
MinimumVisualStudioVersion = 10.0.40219.1
Project("{9A19103F-16F7-4668-BE54-9A1E7A4F7556}") = "EmbyStat.Controllers", "EmbyStat.Controllers\EmbyStat.Controllers.csproj", "{605DA4F1-9667-4C43-B132-FAEB768D49F8}"
EndProject
Project("{9A19103F-16F7-4668-BE54-9A1E7A4F7556}") = "EmbyStat.Web", "EmbyStat.Web\EmbyStat.Web.csproj", "{D98662D5-D274-4902-8DAA-F8345F3BC90E}"
EndProject
Project("{9A19103F-16F7-4668-BE54-9A1E7A4F7556}") = "EmbyStat.Services", "EmbyStat.Services\EmbyStat.Services.csproj", "{323DBA0C-36C3-485E-810A-A39AD6E4D490}"
EndProject
Project("{9A19103F-16F7-4668-BE54-9A1E7A4F7556}") = "EmbyStat.Repositories", "EmbyStat.Repositories\EmbyStat.Repositories.csproj", "{18D66368-671B-4903-858E-C02F5F5F5D0F}"
EndProject
Project("{9A19103F-16F7-4668-BE54-9A1E7A4F7556}") = "EmbyStat.Common", "EmbyStat.Common\EmbyStat.Common.csproj", "{2471E76D-C20E-4694-AA4A-018FAEE60497}"
EndProject
Project("{9A19103F-16F7-4668-BE54-9A1E7A4F7556}") = "Tests.Unit", "Tests.Unit\Tests.Unit.csproj", "{A3F1FF13-B007-45AA-A2F0-2C27731ACA11}"
EndProject
Project("{9A19103F-16F7-4668-BE54-9A1E7A4F7556}") = "EmbyStat.Jobs", "EmbyStat.Jobs\EmbyStat.Jobs.csproj", "{6C31E54E-9C66-4AB4-B6F4-EFEF25718FDF}"
EndProject
Project("{9A19103F-16F7-4668-BE54-9A1E7A4F7556}") = "Updater", "Updater\Updater.csproj", "{48B28697-EF3C-49B7-A49F-B48FD881AC2A}"
EndProject
Project("{9A19103F-16F7-4668-BE54-9A1E7A4F7556}") = "EmbyStat.DI", "EmbyStat.DI\EmbyStat.DI.csproj", "{BEDE87DC-0600-4056-A7FB-2148D315C13D}"
EndProject
Project("{9A19103F-16F7-4668-BE54-9A1E7A4F7556}") = "EmbyStat.Clients.Emby.WebSocket", "EmbyStat.Clients.Emby.WebSocket\EmbyStat.Clients.Emby.WebSocket.csproj", "{8F514300-9FCC-411E-8B1C-4D583879AAFD}"
EndProject
Project("{9A19103F-16F7-4668-BE54-9A1E7A4F7556}") = "EmbyStat.Clients.GitHub", "EmbyStat.Clients.GitHub\EmbyStat.Clients.GitHub.csproj", "{42459A16-8716-49BF-9316-A982051E5F01}"
EndProject
Project("{9A19103F-16F7-4668-BE54-9A1E7A4F7556}") = "EmbyStat.Clients.Tvdb", "EmbyStat.Clients.Tvdb\EmbyStat.Clients.Tvdb.csproj", "{24AC4C4D-D0D0-4F35-8637-0A40E93D96B0}"
EndProject
Project("{9A19103F-16F7-4668-BE54-9A1E7A4F7556}") = "EmbyStat.Clients.Emby.Http", "EmbyStat.Clients.Emby.Http\EmbyStat.Clients.Emby.Http.csproj", "{3F5C02D5-43D3-447D-B901-2237B124C8E8}"
EndProject
Project("{9A19103F-16F7-4668-BE54-9A1E7A4F7556}") = "EmbyStat.Migrator", "EmbyStat.Migrator\EmbyStat.Migrator.csproj", "{E87B237C-8E1E-4810-BE22-2E8A9D6A062E}"
EndProject
Global
	GlobalSection(SolutionConfigurationPlatforms) = preSolution
		Debug|Any CPU = Debug|Any CPU
		Debug|x64 = Debug|x64
		Debug|x86 = Debug|x86
		DefaultBuild|Any CPU = DefaultBuild|Any CPU
		DefaultBuild|x64 = DefaultBuild|x64
		DefaultBuild|x86 = DefaultBuild|x86
		Release|Any CPU = Release|Any CPU
		Release|x64 = Release|x64
		Release|x86 = Release|x86
	EndGlobalSection
	GlobalSection(ProjectConfigurationPlatforms) = postSolution
		{605DA4F1-9667-4C43-B132-FAEB768D49F8}.Debug|Any CPU.ActiveCfg = Debug|Any CPU
		{605DA4F1-9667-4C43-B132-FAEB768D49F8}.Debug|Any CPU.Build.0 = Debug|Any CPU
		{605DA4F1-9667-4C43-B132-FAEB768D49F8}.Debug|x64.ActiveCfg = Debug|Any CPU
		{605DA4F1-9667-4C43-B132-FAEB768D49F8}.Debug|x64.Build.0 = Debug|Any CPU
		{605DA4F1-9667-4C43-B132-FAEB768D49F8}.Debug|x86.ActiveCfg = Debug|Any CPU
		{605DA4F1-9667-4C43-B132-FAEB768D49F8}.Debug|x86.Build.0 = Debug|Any CPU
		{605DA4F1-9667-4C43-B132-FAEB768D49F8}.DefaultBuild|Any CPU.ActiveCfg = Debug|Any CPU
		{605DA4F1-9667-4C43-B132-FAEB768D49F8}.DefaultBuild|Any CPU.Build.0 = Debug|Any CPU
		{605DA4F1-9667-4C43-B132-FAEB768D49F8}.DefaultBuild|x64.ActiveCfg = Debug|Any CPU
		{605DA4F1-9667-4C43-B132-FAEB768D49F8}.DefaultBuild|x64.Build.0 = Debug|Any CPU
		{605DA4F1-9667-4C43-B132-FAEB768D49F8}.DefaultBuild|x86.ActiveCfg = Debug|Any CPU
		{605DA4F1-9667-4C43-B132-FAEB768D49F8}.DefaultBuild|x86.Build.0 = Debug|Any CPU
		{605DA4F1-9667-4C43-B132-FAEB768D49F8}.Release|Any CPU.ActiveCfg = Release|Any CPU
		{605DA4F1-9667-4C43-B132-FAEB768D49F8}.Release|Any CPU.Build.0 = Release|Any CPU
		{605DA4F1-9667-4C43-B132-FAEB768D49F8}.Release|x64.ActiveCfg = Release|Any CPU
		{605DA4F1-9667-4C43-B132-FAEB768D49F8}.Release|x64.Build.0 = Release|Any CPU
		{605DA4F1-9667-4C43-B132-FAEB768D49F8}.Release|x86.ActiveCfg = Release|Any CPU
		{605DA4F1-9667-4C43-B132-FAEB768D49F8}.Release|x86.Build.0 = Release|Any CPU
		{D98662D5-D274-4902-8DAA-F8345F3BC90E}.Debug|Any CPU.ActiveCfg = Debug|Any CPU
		{D98662D5-D274-4902-8DAA-F8345F3BC90E}.Debug|Any CPU.Build.0 = Debug|Any CPU
		{D98662D5-D274-4902-8DAA-F8345F3BC90E}.Debug|x64.ActiveCfg = Debug|Any CPU
		{D98662D5-D274-4902-8DAA-F8345F3BC90E}.Debug|x64.Build.0 = Debug|Any CPU
		{D98662D5-D274-4902-8DAA-F8345F3BC90E}.Debug|x86.ActiveCfg = Debug|Any CPU
		{D98662D5-D274-4902-8DAA-F8345F3BC90E}.Debug|x86.Build.0 = Debug|Any CPU
		{D98662D5-D274-4902-8DAA-F8345F3BC90E}.DefaultBuild|Any CPU.ActiveCfg = Debug|Any CPU
		{D98662D5-D274-4902-8DAA-F8345F3BC90E}.DefaultBuild|Any CPU.Build.0 = Debug|Any CPU
		{D98662D5-D274-4902-8DAA-F8345F3BC90E}.DefaultBuild|x64.ActiveCfg = Debug|Any CPU
		{D98662D5-D274-4902-8DAA-F8345F3BC90E}.DefaultBuild|x64.Build.0 = Debug|Any CPU
		{D98662D5-D274-4902-8DAA-F8345F3BC90E}.DefaultBuild|x86.ActiveCfg = Debug|Any CPU
		{D98662D5-D274-4902-8DAA-F8345F3BC90E}.DefaultBuild|x86.Build.0 = Debug|Any CPU
		{D98662D5-D274-4902-8DAA-F8345F3BC90E}.Release|Any CPU.ActiveCfg = Release|Any CPU
		{D98662D5-D274-4902-8DAA-F8345F3BC90E}.Release|Any CPU.Build.0 = Release|Any CPU
		{D98662D5-D274-4902-8DAA-F8345F3BC90E}.Release|x64.ActiveCfg = Release|Any CPU
		{D98662D5-D274-4902-8DAA-F8345F3BC90E}.Release|x64.Build.0 = Release|Any CPU
		{D98662D5-D274-4902-8DAA-F8345F3BC90E}.Release|x86.ActiveCfg = Release|Any CPU
		{D98662D5-D274-4902-8DAA-F8345F3BC90E}.Release|x86.Build.0 = Release|Any CPU
		{323DBA0C-36C3-485E-810A-A39AD6E4D490}.Debug|Any CPU.ActiveCfg = Debug|Any CPU
		{323DBA0C-36C3-485E-810A-A39AD6E4D490}.Debug|Any CPU.Build.0 = Debug|Any CPU
		{323DBA0C-36C3-485E-810A-A39AD6E4D490}.Debug|x64.ActiveCfg = Debug|Any CPU
		{323DBA0C-36C3-485E-810A-A39AD6E4D490}.Debug|x64.Build.0 = Debug|Any CPU
		{323DBA0C-36C3-485E-810A-A39AD6E4D490}.Debug|x86.ActiveCfg = Debug|Any CPU
		{323DBA0C-36C3-485E-810A-A39AD6E4D490}.Debug|x86.Build.0 = Debug|Any CPU
		{323DBA0C-36C3-485E-810A-A39AD6E4D490}.DefaultBuild|Any CPU.ActiveCfg = Debug|Any CPU
		{323DBA0C-36C3-485E-810A-A39AD6E4D490}.DefaultBuild|Any CPU.Build.0 = Debug|Any CPU
		{323DBA0C-36C3-485E-810A-A39AD6E4D490}.DefaultBuild|x64.ActiveCfg = Debug|Any CPU
		{323DBA0C-36C3-485E-810A-A39AD6E4D490}.DefaultBuild|x64.Build.0 = Debug|Any CPU
		{323DBA0C-36C3-485E-810A-A39AD6E4D490}.DefaultBuild|x86.ActiveCfg = Debug|Any CPU
		{323DBA0C-36C3-485E-810A-A39AD6E4D490}.DefaultBuild|x86.Build.0 = Debug|Any CPU
		{323DBA0C-36C3-485E-810A-A39AD6E4D490}.Release|Any CPU.ActiveCfg = Release|Any CPU
		{323DBA0C-36C3-485E-810A-A39AD6E4D490}.Release|Any CPU.Build.0 = Release|Any CPU
		{323DBA0C-36C3-485E-810A-A39AD6E4D490}.Release|x64.ActiveCfg = Release|Any CPU
		{323DBA0C-36C3-485E-810A-A39AD6E4D490}.Release|x64.Build.0 = Release|Any CPU
		{323DBA0C-36C3-485E-810A-A39AD6E4D490}.Release|x86.ActiveCfg = Release|Any CPU
		{323DBA0C-36C3-485E-810A-A39AD6E4D490}.Release|x86.Build.0 = Release|Any CPU
		{18D66368-671B-4903-858E-C02F5F5F5D0F}.Debug|Any CPU.ActiveCfg = Debug|Any CPU
		{18D66368-671B-4903-858E-C02F5F5F5D0F}.Debug|Any CPU.Build.0 = Debug|Any CPU
		{18D66368-671B-4903-858E-C02F5F5F5D0F}.Debug|x64.ActiveCfg = Debug|Any CPU
		{18D66368-671B-4903-858E-C02F5F5F5D0F}.Debug|x64.Build.0 = Debug|Any CPU
		{18D66368-671B-4903-858E-C02F5F5F5D0F}.Debug|x86.ActiveCfg = Debug|Any CPU
		{18D66368-671B-4903-858E-C02F5F5F5D0F}.Debug|x86.Build.0 = Debug|Any CPU
		{18D66368-671B-4903-858E-C02F5F5F5D0F}.DefaultBuild|Any CPU.ActiveCfg = Debug|Any CPU
		{18D66368-671B-4903-858E-C02F5F5F5D0F}.DefaultBuild|Any CPU.Build.0 = Debug|Any CPU
		{18D66368-671B-4903-858E-C02F5F5F5D0F}.DefaultBuild|x64.ActiveCfg = Debug|Any CPU
		{18D66368-671B-4903-858E-C02F5F5F5D0F}.DefaultBuild|x64.Build.0 = Debug|Any CPU
		{18D66368-671B-4903-858E-C02F5F5F5D0F}.DefaultBuild|x86.ActiveCfg = Debug|Any CPU
		{18D66368-671B-4903-858E-C02F5F5F5D0F}.DefaultBuild|x86.Build.0 = Debug|Any CPU
		{18D66368-671B-4903-858E-C02F5F5F5D0F}.Release|Any CPU.ActiveCfg = Release|Any CPU
		{18D66368-671B-4903-858E-C02F5F5F5D0F}.Release|Any CPU.Build.0 = Release|Any CPU
		{18D66368-671B-4903-858E-C02F5F5F5D0F}.Release|x64.ActiveCfg = Release|Any CPU
		{18D66368-671B-4903-858E-C02F5F5F5D0F}.Release|x64.Build.0 = Release|Any CPU
		{18D66368-671B-4903-858E-C02F5F5F5D0F}.Release|x86.ActiveCfg = Release|Any CPU
		{18D66368-671B-4903-858E-C02F5F5F5D0F}.Release|x86.Build.0 = Release|Any CPU
		{2471E76D-C20E-4694-AA4A-018FAEE60497}.Debug|Any CPU.ActiveCfg = Debug|Any CPU
		{2471E76D-C20E-4694-AA4A-018FAEE60497}.Debug|Any CPU.Build.0 = Debug|Any CPU
		{2471E76D-C20E-4694-AA4A-018FAEE60497}.Debug|x64.ActiveCfg = Debug|Any CPU
		{2471E76D-C20E-4694-AA4A-018FAEE60497}.Debug|x64.Build.0 = Debug|Any CPU
		{2471E76D-C20E-4694-AA4A-018FAEE60497}.Debug|x86.ActiveCfg = Debug|Any CPU
		{2471E76D-C20E-4694-AA4A-018FAEE60497}.Debug|x86.Build.0 = Debug|Any CPU
		{2471E76D-C20E-4694-AA4A-018FAEE60497}.DefaultBuild|Any CPU.ActiveCfg = Debug|Any CPU
		{2471E76D-C20E-4694-AA4A-018FAEE60497}.DefaultBuild|Any CPU.Build.0 = Debug|Any CPU
		{2471E76D-C20E-4694-AA4A-018FAEE60497}.DefaultBuild|x64.ActiveCfg = Debug|Any CPU
		{2471E76D-C20E-4694-AA4A-018FAEE60497}.DefaultBuild|x64.Build.0 = Debug|Any CPU
		{2471E76D-C20E-4694-AA4A-018FAEE60497}.DefaultBuild|x86.ActiveCfg = Debug|Any CPU
		{2471E76D-C20E-4694-AA4A-018FAEE60497}.DefaultBuild|x86.Build.0 = Debug|Any CPU
		{2471E76D-C20E-4694-AA4A-018FAEE60497}.Release|Any CPU.ActiveCfg = Release|Any CPU
		{2471E76D-C20E-4694-AA4A-018FAEE60497}.Release|Any CPU.Build.0 = Release|Any CPU
		{2471E76D-C20E-4694-AA4A-018FAEE60497}.Release|x64.ActiveCfg = Release|Any CPU
		{2471E76D-C20E-4694-AA4A-018FAEE60497}.Release|x64.Build.0 = Release|Any CPU
		{2471E76D-C20E-4694-AA4A-018FAEE60497}.Release|x86.ActiveCfg = Release|Any CPU
		{2471E76D-C20E-4694-AA4A-018FAEE60497}.Release|x86.Build.0 = Release|Any CPU
		{A3F1FF13-B007-45AA-A2F0-2C27731ACA11}.Debug|Any CPU.ActiveCfg = Debug|Any CPU
		{A3F1FF13-B007-45AA-A2F0-2C27731ACA11}.Debug|Any CPU.Build.0 = Debug|Any CPU
		{A3F1FF13-B007-45AA-A2F0-2C27731ACA11}.Debug|x64.ActiveCfg = Debug|Any CPU
		{A3F1FF13-B007-45AA-A2F0-2C27731ACA11}.Debug|x64.Build.0 = Debug|Any CPU
		{A3F1FF13-B007-45AA-A2F0-2C27731ACA11}.Debug|x86.ActiveCfg = Debug|Any CPU
		{A3F1FF13-B007-45AA-A2F0-2C27731ACA11}.Debug|x86.Build.0 = Debug|Any CPU
		{A3F1FF13-B007-45AA-A2F0-2C27731ACA11}.DefaultBuild|Any CPU.ActiveCfg = Debug|Any CPU
		{A3F1FF13-B007-45AA-A2F0-2C27731ACA11}.DefaultBuild|Any CPU.Build.0 = Debug|Any CPU
		{A3F1FF13-B007-45AA-A2F0-2C27731ACA11}.DefaultBuild|x64.ActiveCfg = Debug|Any CPU
		{A3F1FF13-B007-45AA-A2F0-2C27731ACA11}.DefaultBuild|x64.Build.0 = Debug|Any CPU
		{A3F1FF13-B007-45AA-A2F0-2C27731ACA11}.DefaultBuild|x86.ActiveCfg = Debug|Any CPU
		{A3F1FF13-B007-45AA-A2F0-2C27731ACA11}.DefaultBuild|x86.Build.0 = Debug|Any CPU
		{A3F1FF13-B007-45AA-A2F0-2C27731ACA11}.Release|Any CPU.ActiveCfg = Release|Any CPU
		{A3F1FF13-B007-45AA-A2F0-2C27731ACA11}.Release|Any CPU.Build.0 = Release|Any CPU
		{A3F1FF13-B007-45AA-A2F0-2C27731ACA11}.Release|x64.ActiveCfg = Release|Any CPU
		{A3F1FF13-B007-45AA-A2F0-2C27731ACA11}.Release|x64.Build.0 = Release|Any CPU
		{A3F1FF13-B007-45AA-A2F0-2C27731ACA11}.Release|x86.ActiveCfg = Release|Any CPU
		{A3F1FF13-B007-45AA-A2F0-2C27731ACA11}.Release|x86.Build.0 = Release|Any CPU
		{6C31E54E-9C66-4AB4-B6F4-EFEF25718FDF}.Debug|Any CPU.ActiveCfg = Debug|Any CPU
		{6C31E54E-9C66-4AB4-B6F4-EFEF25718FDF}.Debug|Any CPU.Build.0 = Debug|Any CPU
		{6C31E54E-9C66-4AB4-B6F4-EFEF25718FDF}.Debug|x64.ActiveCfg = Debug|Any CPU
		{6C31E54E-9C66-4AB4-B6F4-EFEF25718FDF}.Debug|x64.Build.0 = Debug|Any CPU
		{6C31E54E-9C66-4AB4-B6F4-EFEF25718FDF}.Debug|x86.ActiveCfg = Debug|Any CPU
		{6C31E54E-9C66-4AB4-B6F4-EFEF25718FDF}.Debug|x86.Build.0 = Debug|Any CPU
		{6C31E54E-9C66-4AB4-B6F4-EFEF25718FDF}.DefaultBuild|Any CPU.ActiveCfg = Debug|Any CPU
		{6C31E54E-9C66-4AB4-B6F4-EFEF25718FDF}.DefaultBuild|Any CPU.Build.0 = Debug|Any CPU
		{6C31E54E-9C66-4AB4-B6F4-EFEF25718FDF}.DefaultBuild|x64.ActiveCfg = Debug|Any CPU
		{6C31E54E-9C66-4AB4-B6F4-EFEF25718FDF}.DefaultBuild|x64.Build.0 = Debug|Any CPU
		{6C31E54E-9C66-4AB4-B6F4-EFEF25718FDF}.DefaultBuild|x86.ActiveCfg = Debug|Any CPU
		{6C31E54E-9C66-4AB4-B6F4-EFEF25718FDF}.DefaultBuild|x86.Build.0 = Debug|Any CPU
		{6C31E54E-9C66-4AB4-B6F4-EFEF25718FDF}.Release|Any CPU.ActiveCfg = Release|Any CPU
		{6C31E54E-9C66-4AB4-B6F4-EFEF25718FDF}.Release|Any CPU.Build.0 = Release|Any CPU
		{6C31E54E-9C66-4AB4-B6F4-EFEF25718FDF}.Release|x64.ActiveCfg = Release|Any CPU
		{6C31E54E-9C66-4AB4-B6F4-EFEF25718FDF}.Release|x64.Build.0 = Release|Any CPU
		{6C31E54E-9C66-4AB4-B6F4-EFEF25718FDF}.Release|x86.ActiveCfg = Release|Any CPU
		{6C31E54E-9C66-4AB4-B6F4-EFEF25718FDF}.Release|x86.Build.0 = Release|Any CPU
		{48B28697-EF3C-49B7-A49F-B48FD881AC2A}.Debug|Any CPU.ActiveCfg = Debug|Any CPU
		{48B28697-EF3C-49B7-A49F-B48FD881AC2A}.Debug|Any CPU.Build.0 = Debug|Any CPU
		{48B28697-EF3C-49B7-A49F-B48FD881AC2A}.Debug|x64.ActiveCfg = Debug|Any CPU
		{48B28697-EF3C-49B7-A49F-B48FD881AC2A}.Debug|x64.Build.0 = Debug|Any CPU
		{48B28697-EF3C-49B7-A49F-B48FD881AC2A}.Debug|x86.ActiveCfg = Debug|Any CPU
		{48B28697-EF3C-49B7-A49F-B48FD881AC2A}.Debug|x86.Build.0 = Debug|Any CPU
		{48B28697-EF3C-49B7-A49F-B48FD881AC2A}.DefaultBuild|Any CPU.ActiveCfg = Debug|Any CPU
		{48B28697-EF3C-49B7-A49F-B48FD881AC2A}.DefaultBuild|Any CPU.Build.0 = Debug|Any CPU
		{48B28697-EF3C-49B7-A49F-B48FD881AC2A}.DefaultBuild|x64.ActiveCfg = Debug|Any CPU
		{48B28697-EF3C-49B7-A49F-B48FD881AC2A}.DefaultBuild|x64.Build.0 = Debug|Any CPU
		{48B28697-EF3C-49B7-A49F-B48FD881AC2A}.DefaultBuild|x86.ActiveCfg = Debug|Any CPU
		{48B28697-EF3C-49B7-A49F-B48FD881AC2A}.DefaultBuild|x86.Build.0 = Debug|Any CPU
		{48B28697-EF3C-49B7-A49F-B48FD881AC2A}.Release|Any CPU.ActiveCfg = Release|Any CPU
		{48B28697-EF3C-49B7-A49F-B48FD881AC2A}.Release|Any CPU.Build.0 = Release|Any CPU
		{48B28697-EF3C-49B7-A49F-B48FD881AC2A}.Release|x64.ActiveCfg = Release|Any CPU
		{48B28697-EF3C-49B7-A49F-B48FD881AC2A}.Release|x64.Build.0 = Release|Any CPU
		{48B28697-EF3C-49B7-A49F-B48FD881AC2A}.Release|x86.ActiveCfg = Release|Any CPU
		{48B28697-EF3C-49B7-A49F-B48FD881AC2A}.Release|x86.Build.0 = Release|Any CPU
		{BEDE87DC-0600-4056-A7FB-2148D315C13D}.Debug|Any CPU.ActiveCfg = Debug|Any CPU
		{BEDE87DC-0600-4056-A7FB-2148D315C13D}.Debug|Any CPU.Build.0 = Debug|Any CPU
		{BEDE87DC-0600-4056-A7FB-2148D315C13D}.Debug|x64.ActiveCfg = Debug|Any CPU
		{BEDE87DC-0600-4056-A7FB-2148D315C13D}.Debug|x64.Build.0 = Debug|Any CPU
		{BEDE87DC-0600-4056-A7FB-2148D315C13D}.Debug|x86.ActiveCfg = Debug|Any CPU
		{BEDE87DC-0600-4056-A7FB-2148D315C13D}.Debug|x86.Build.0 = Debug|Any CPU
		{BEDE87DC-0600-4056-A7FB-2148D315C13D}.DefaultBuild|Any CPU.ActiveCfg = Debug|Any CPU
		{BEDE87DC-0600-4056-A7FB-2148D315C13D}.DefaultBuild|Any CPU.Build.0 = Debug|Any CPU
		{BEDE87DC-0600-4056-A7FB-2148D315C13D}.DefaultBuild|x64.ActiveCfg = Debug|Any CPU
		{BEDE87DC-0600-4056-A7FB-2148D315C13D}.DefaultBuild|x64.Build.0 = Debug|Any CPU
		{BEDE87DC-0600-4056-A7FB-2148D315C13D}.DefaultBuild|x86.ActiveCfg = Debug|Any CPU
		{BEDE87DC-0600-4056-A7FB-2148D315C13D}.DefaultBuild|x86.Build.0 = Debug|Any CPU
		{BEDE87DC-0600-4056-A7FB-2148D315C13D}.Release|Any CPU.ActiveCfg = Release|Any CPU
		{BEDE87DC-0600-4056-A7FB-2148D315C13D}.Release|Any CPU.Build.0 = Release|Any CPU
		{BEDE87DC-0600-4056-A7FB-2148D315C13D}.Release|x64.ActiveCfg = Release|Any CPU
		{BEDE87DC-0600-4056-A7FB-2148D315C13D}.Release|x64.Build.0 = Release|Any CPU
		{BEDE87DC-0600-4056-A7FB-2148D315C13D}.Release|x86.ActiveCfg = Release|Any CPU
		{BEDE87DC-0600-4056-A7FB-2148D315C13D}.Release|x86.Build.0 = Release|Any CPU
		{8F514300-9FCC-411E-8B1C-4D583879AAFD}.Debug|Any CPU.ActiveCfg = Debug|Any CPU
		{8F514300-9FCC-411E-8B1C-4D583879AAFD}.Debug|Any CPU.Build.0 = Debug|Any CPU
		{8F514300-9FCC-411E-8B1C-4D583879AAFD}.Debug|x64.ActiveCfg = Debug|Any CPU
		{8F514300-9FCC-411E-8B1C-4D583879AAFD}.Debug|x64.Build.0 = Debug|Any CPU
		{8F514300-9FCC-411E-8B1C-4D583879AAFD}.Debug|x86.ActiveCfg = Debug|Any CPU
		{8F514300-9FCC-411E-8B1C-4D583879AAFD}.Debug|x86.Build.0 = Debug|Any CPU
		{8F514300-9FCC-411E-8B1C-4D583879AAFD}.DefaultBuild|Any CPU.ActiveCfg = Debug|Any CPU
		{8F514300-9FCC-411E-8B1C-4D583879AAFD}.DefaultBuild|Any CPU.Build.0 = Debug|Any CPU
		{8F514300-9FCC-411E-8B1C-4D583879AAFD}.DefaultBuild|x64.ActiveCfg = Debug|Any CPU
		{8F514300-9FCC-411E-8B1C-4D583879AAFD}.DefaultBuild|x64.Build.0 = Debug|Any CPU
		{8F514300-9FCC-411E-8B1C-4D583879AAFD}.DefaultBuild|x86.ActiveCfg = Debug|Any CPU
		{8F514300-9FCC-411E-8B1C-4D583879AAFD}.DefaultBuild|x86.Build.0 = Debug|Any CPU
		{8F514300-9FCC-411E-8B1C-4D583879AAFD}.Release|Any CPU.ActiveCfg = Release|Any CPU
		{8F514300-9FCC-411E-8B1C-4D583879AAFD}.Release|Any CPU.Build.0 = Release|Any CPU
		{8F514300-9FCC-411E-8B1C-4D583879AAFD}.Release|x64.ActiveCfg = Release|Any CPU
		{8F514300-9FCC-411E-8B1C-4D583879AAFD}.Release|x64.Build.0 = Release|Any CPU
		{8F514300-9FCC-411E-8B1C-4D583879AAFD}.Release|x86.ActiveCfg = Release|Any CPU
		{8F514300-9FCC-411E-8B1C-4D583879AAFD}.Release|x86.Build.0 = Release|Any CPU
		{42459A16-8716-49BF-9316-A982051E5F01}.Debug|Any CPU.ActiveCfg = Debug|Any CPU
		{42459A16-8716-49BF-9316-A982051E5F01}.Debug|Any CPU.Build.0 = Debug|Any CPU
		{42459A16-8716-49BF-9316-A982051E5F01}.Debug|x64.ActiveCfg = Debug|Any CPU
		{42459A16-8716-49BF-9316-A982051E5F01}.Debug|x64.Build.0 = Debug|Any CPU
		{42459A16-8716-49BF-9316-A982051E5F01}.Debug|x86.ActiveCfg = Debug|Any CPU
		{42459A16-8716-49BF-9316-A982051E5F01}.Debug|x86.Build.0 = Debug|Any CPU
		{42459A16-8716-49BF-9316-A982051E5F01}.DefaultBuild|Any CPU.ActiveCfg = Debug|Any CPU
		{42459A16-8716-49BF-9316-A982051E5F01}.DefaultBuild|Any CPU.Build.0 = Debug|Any CPU
		{42459A16-8716-49BF-9316-A982051E5F01}.DefaultBuild|x64.ActiveCfg = Debug|Any CPU
		{42459A16-8716-49BF-9316-A982051E5F01}.DefaultBuild|x64.Build.0 = Debug|Any CPU
		{42459A16-8716-49BF-9316-A982051E5F01}.DefaultBuild|x86.ActiveCfg = Debug|Any CPU
		{42459A16-8716-49BF-9316-A982051E5F01}.DefaultBuild|x86.Build.0 = Debug|Any CPU
		{42459A16-8716-49BF-9316-A982051E5F01}.Release|Any CPU.ActiveCfg = Release|Any CPU
		{42459A16-8716-49BF-9316-A982051E5F01}.Release|Any CPU.Build.0 = Release|Any CPU
		{42459A16-8716-49BF-9316-A982051E5F01}.Release|x64.ActiveCfg = Release|Any CPU
		{42459A16-8716-49BF-9316-A982051E5F01}.Release|x64.Build.0 = Release|Any CPU
		{42459A16-8716-49BF-9316-A982051E5F01}.Release|x86.ActiveCfg = Release|Any CPU
		{42459A16-8716-49BF-9316-A982051E5F01}.Release|x86.Build.0 = Release|Any CPU
		{24AC4C4D-D0D0-4F35-8637-0A40E93D96B0}.Debug|Any CPU.ActiveCfg = Debug|Any CPU
		{24AC4C4D-D0D0-4F35-8637-0A40E93D96B0}.Debug|Any CPU.Build.0 = Debug|Any CPU
		{24AC4C4D-D0D0-4F35-8637-0A40E93D96B0}.Debug|x64.ActiveCfg = Debug|Any CPU
		{24AC4C4D-D0D0-4F35-8637-0A40E93D96B0}.Debug|x64.Build.0 = Debug|Any CPU
		{24AC4C4D-D0D0-4F35-8637-0A40E93D96B0}.Debug|x86.ActiveCfg = Debug|Any CPU
		{24AC4C4D-D0D0-4F35-8637-0A40E93D96B0}.Debug|x86.Build.0 = Debug|Any CPU
		{24AC4C4D-D0D0-4F35-8637-0A40E93D96B0}.DefaultBuild|Any CPU.ActiveCfg = Debug|Any CPU
		{24AC4C4D-D0D0-4F35-8637-0A40E93D96B0}.DefaultBuild|Any CPU.Build.0 = Debug|Any CPU
		{24AC4C4D-D0D0-4F35-8637-0A40E93D96B0}.DefaultBuild|x64.ActiveCfg = Debug|Any CPU
		{24AC4C4D-D0D0-4F35-8637-0A40E93D96B0}.DefaultBuild|x64.Build.0 = Debug|Any CPU
		{24AC4C4D-D0D0-4F35-8637-0A40E93D96B0}.DefaultBuild|x86.ActiveCfg = Debug|Any CPU
		{24AC4C4D-D0D0-4F35-8637-0A40E93D96B0}.DefaultBuild|x86.Build.0 = Debug|Any CPU
		{24AC4C4D-D0D0-4F35-8637-0A40E93D96B0}.Release|Any CPU.ActiveCfg = Release|Any CPU
		{24AC4C4D-D0D0-4F35-8637-0A40E93D96B0}.Release|Any CPU.Build.0 = Release|Any CPU
		{24AC4C4D-D0D0-4F35-8637-0A40E93D96B0}.Release|x64.ActiveCfg = Release|Any CPU
		{24AC4C4D-D0D0-4F35-8637-0A40E93D96B0}.Release|x64.Build.0 = Release|Any CPU
		{24AC4C4D-D0D0-4F35-8637-0A40E93D96B0}.Release|x86.ActiveCfg = Release|Any CPU
		{24AC4C4D-D0D0-4F35-8637-0A40E93D96B0}.Release|x86.Build.0 = Release|Any CPU
		{3F5C02D5-43D3-447D-B901-2237B124C8E8}.Debug|Any CPU.ActiveCfg = Debug|Any CPU
		{3F5C02D5-43D3-447D-B901-2237B124C8E8}.Debug|Any CPU.Build.0 = Debug|Any CPU
		{3F5C02D5-43D3-447D-B901-2237B124C8E8}.Debug|x64.ActiveCfg = Debug|Any CPU
		{3F5C02D5-43D3-447D-B901-2237B124C8E8}.Debug|x64.Build.0 = Debug|Any CPU
		{3F5C02D5-43D3-447D-B901-2237B124C8E8}.Debug|x86.ActiveCfg = Debug|Any CPU
		{3F5C02D5-43D3-447D-B901-2237B124C8E8}.Debug|x86.Build.0 = Debug|Any CPU
		{3F5C02D5-43D3-447D-B901-2237B124C8E8}.DefaultBuild|Any CPU.ActiveCfg = Debug|Any CPU
		{3F5C02D5-43D3-447D-B901-2237B124C8E8}.DefaultBuild|Any CPU.Build.0 = Debug|Any CPU
		{3F5C02D5-43D3-447D-B901-2237B124C8E8}.DefaultBuild|x64.ActiveCfg = Debug|Any CPU
		{3F5C02D5-43D3-447D-B901-2237B124C8E8}.DefaultBuild|x64.Build.0 = Debug|Any CPU
		{3F5C02D5-43D3-447D-B901-2237B124C8E8}.DefaultBuild|x86.ActiveCfg = Debug|Any CPU
		{3F5C02D5-43D3-447D-B901-2237B124C8E8}.DefaultBuild|x86.Build.0 = Debug|Any CPU
		{3F5C02D5-43D3-447D-B901-2237B124C8E8}.Release|Any CPU.ActiveCfg = Release|Any CPU
		{3F5C02D5-43D3-447D-B901-2237B124C8E8}.Release|Any CPU.Build.0 = Release|Any CPU
		{3F5C02D5-43D3-447D-B901-2237B124C8E8}.Release|x64.ActiveCfg = Release|Any CPU
		{3F5C02D5-43D3-447D-B901-2237B124C8E8}.Release|x64.Build.0 = Release|Any CPU
		{3F5C02D5-43D3-447D-B901-2237B124C8E8}.Release|x86.ActiveCfg = Release|Any CPU
		{3F5C02D5-43D3-447D-B901-2237B124C8E8}.Release|x86.Build.0 = Release|Any CPU
		{E87B237C-8E1E-4810-BE22-2E8A9D6A062E}.Debug|Any CPU.ActiveCfg = Debug|Any CPU
		{E87B237C-8E1E-4810-BE22-2E8A9D6A062E}.Debug|Any CPU.Build.0 = Debug|Any CPU
		{E87B237C-8E1E-4810-BE22-2E8A9D6A062E}.Debug|x64.ActiveCfg = Debug|Any CPU
		{E87B237C-8E1E-4810-BE22-2E8A9D6A062E}.Debug|x64.Build.0 = Debug|Any CPU
		{E87B237C-8E1E-4810-BE22-2E8A9D6A062E}.Debug|x86.ActiveCfg = Debug|Any CPU
		{E87B237C-8E1E-4810-BE22-2E8A9D6A062E}.Debug|x86.Build.0 = Debug|Any CPU
		{E87B237C-8E1E-4810-BE22-2E8A9D6A062E}.DefaultBuild|Any CPU.ActiveCfg = Debug|Any CPU
		{E87B237C-8E1E-4810-BE22-2E8A9D6A062E}.DefaultBuild|Any CPU.Build.0 = Debug|Any CPU
		{E87B237C-8E1E-4810-BE22-2E8A9D6A062E}.DefaultBuild|x64.ActiveCfg = Debug|Any CPU
		{E87B237C-8E1E-4810-BE22-2E8A9D6A062E}.DefaultBuild|x64.Build.0 = Debug|Any CPU
		{E87B237C-8E1E-4810-BE22-2E8A9D6A062E}.DefaultBuild|x86.ActiveCfg = Debug|Any CPU
		{E87B237C-8E1E-4810-BE22-2E8A9D6A062E}.DefaultBuild|x86.Build.0 = Debug|Any CPU
		{E87B237C-8E1E-4810-BE22-2E8A9D6A062E}.Release|Any CPU.ActiveCfg = Release|Any CPU
		{E87B237C-8E1E-4810-BE22-2E8A9D6A062E}.Release|Any CPU.Build.0 = Release|Any CPU
		{E87B237C-8E1E-4810-BE22-2E8A9D6A062E}.Release|x64.ActiveCfg = Release|Any CPU
		{E87B237C-8E1E-4810-BE22-2E8A9D6A062E}.Release|x64.Build.0 = Release|Any CPU
		{E87B237C-8E1E-4810-BE22-2E8A9D6A062E}.Release|x86.ActiveCfg = Release|Any CPU
		{E87B237C-8E1E-4810-BE22-2E8A9D6A062E}.Release|x86.Build.0 = Release|Any CPU
	EndGlobalSection
	GlobalSection(SolutionProperties) = preSolution
		HideSolutionNode = FALSE
	EndGlobalSection
	GlobalSection(ExtensibilityGlobals) = postSolution
		SolutionGuid = {FE1E7FBB-D938-4C37-A040-661A869C95DA}
	EndGlobalSection
EndGlobal
